// !$*UTF8*$!
{
	archiveVersion = 1;
	classes = {
	};
	objectVersion = 46;
	objects = {

/* Begin PBXBuildFile section */
		045DB6B41573DA1600F153B8 /* News.m in Sources */ = {isa = PBXBuildFile; fileRef = 045DB6B31573DA1600F153B8 /* News.m */; };
		045DB6B71573E2EF00F153B8 /* NewsParser.m in Sources */ = {isa = PBXBuildFile; fileRef = 045DB6B61573E2EF00F153B8 /* NewsParser.m */; };
		045DB6C01573EECF00F153B8 /* TBXML.m in Sources */ = {isa = PBXBuildFile; fileRef = 045DB6BD1573EECF00F153B8 /* TBXML.m */; };
		045DB6C11573EECF00F153B8 /* TBXML+HTTP.m in Sources */ = {isa = PBXBuildFile; fileRef = 045DB6BF1573EECF00F153B8 /* TBXML+HTTP.m */; };
		045DB6C31573F7CE00F153B8 /* FirstView.xib in Resources */ = {isa = PBXBuildFile; fileRef = 045DB6C21573F7CE00F153B8 /* FirstView.xib */; };
		045DB7181574102A00F153B8 /* Evenements.m in Sources */ = {isa = PBXBuildFile; fileRef = 045DB7171574102A00F153B8 /* Evenements.m */; };
		045DB71B1574159300F153B8 /* EvenementsParser.m in Sources */ = {isa = PBXBuildFile; fileRef = 045DB71A1574159300F153B8 /* EvenementsParser.m */; };
		04AAF89A15737B97004B0149 /* calendar.png in Resources */ = {isa = PBXBuildFile; fileRef = 04AAF89515737B97004B0149 /* calendar.png */; };
		04AAF89B15737B97004B0149 /* deals.png in Resources */ = {isa = PBXBuildFile; fileRef = 04AAF89615737B97004B0149 /* deals.png */; };
		04AAF89C15737B97004B0149 /* news.png in Resources */ = {isa = PBXBuildFile; fileRef = 04AAF89715737B97004B0149 /* news.png */; };
		04AAF89D15737B97004B0149 /* search.png in Resources */ = {isa = PBXBuildFile; fileRef = 04AAF89815737B97004B0149 /* search.png */; };
		04AAF89E15737B97004B0149 /* settings.png in Resources */ = {isa = PBXBuildFile; fileRef = 04AAF89915737B97004B0149 /* settings.png */; };
		04CEC93E1573CBC700A8BFFB /* libz.dylib in Frameworks */ = {isa = PBXBuildFile; fileRef = 04CEC93D1573CBC700A8BFFB /* libz.dylib */; };
		25506D82156BD6C900EB1FC5 /* UIKit.framework in Frameworks */ = {isa = PBXBuildFile; fileRef = 25506D81156BD6C900EB1FC5 /* UIKit.framework */; };
		25506D84156BD6C900EB1FC5 /* Foundation.framework in Frameworks */ = {isa = PBXBuildFile; fileRef = 25506D83156BD6C900EB1FC5 /* Foundation.framework */; };
		25506D86156BD6C900EB1FC5 /* CoreGraphics.framework in Frameworks */ = {isa = PBXBuildFile; fileRef = 25506D85156BD6C900EB1FC5 /* CoreGraphics.framework */; };
		25506D8C156BD6C900EB1FC5 /* InfoPlist.strings in Resources */ = {isa = PBXBuildFile; fileRef = 25506D8A156BD6C900EB1FC5 /* InfoPlist.strings */; };
		25506D8E156BD6C900EB1FC5 /* main.m in Sources */ = {isa = PBXBuildFile; fileRef = 25506D8D156BD6C900EB1FC5 /* main.m */; };
		25506D92156BD6C900EB1FC5 /* AppDelegate.m in Sources */ = {isa = PBXBuildFile; fileRef = 25506D91156BD6C900EB1FC5 /* AppDelegate.m */; };
		25506D95156BD6CA00EB1FC5 /* MainStoryboard.storyboard in Resources */ = {isa = PBXBuildFile; fileRef = 25506D93156BD6CA00EB1FC5 /* MainStoryboard.storyboard */; };
		25506D98156BD6CA00EB1FC5 /* CalendarViewController.m in Sources */ = {isa = PBXBuildFile; fileRef = 25506D97156BD6CA00EB1FC5 /* CalendarViewController.m */; };
		25506D9A156BD6CA00EB1FC5 /* first.png in Resources */ = {isa = PBXBuildFile; fileRef = 25506D99156BD6CA00EB1FC5 /* first.png */; };
		25506D9C156BD6CA00EB1FC5 /* first@2x.png in Resources */ = {isa = PBXBuildFile; fileRef = 25506D9B156BD6CA00EB1FC5 /* first@2x.png */; };
		25506D9F156BD6CA00EB1FC5 /* NewsViewController.m in Sources */ = {isa = PBXBuildFile; fileRef = 25506D9E156BD6CA00EB1FC5 /* NewsViewController.m */; };
		25506DA1156BD6CA00EB1FC5 /* second.png in Resources */ = {isa = PBXBuildFile; fileRef = 25506DA0156BD6CA00EB1FC5 /* second.png */; };
		25506DA3156BD6CA00EB1FC5 /* second@2x.png in Resources */ = {isa = PBXBuildFile; fileRef = 25506DA2156BD6CA00EB1FC5 /* second@2x.png */; };
		25506DAB156BD6CA00EB1FC5 /* SenTestingKit.framework in Frameworks */ = {isa = PBXBuildFile; fileRef = 25506DAA156BD6CA00EB1FC5 /* SenTestingKit.framework */; };
		25506DAC156BD6CA00EB1FC5 /* UIKit.framework in Frameworks */ = {isa = PBXBuildFile; fileRef = 25506D81156BD6C900EB1FC5 /* UIKit.framework */; };
		25506DAD156BD6CA00EB1FC5 /* Foundation.framework in Frameworks */ = {isa = PBXBuildFile; fileRef = 25506D83156BD6C900EB1FC5 /* Foundation.framework */; };
		25506DB5156BD6CA00EB1FC5 /* InfoPlist.strings in Resources */ = {isa = PBXBuildFile; fileRef = 25506DB3156BD6CA00EB1FC5 /* InfoPlist.strings */; };
		25506DB8156BD6CA00EB1FC5 /* GrandCercleTests.m in Sources */ = {isa = PBXBuildFile; fileRef = 25506DB7156BD6CA00EB1FC5 /* GrandCercleTests.m */; };
		25C991DA15717E9800FFD57B /* DealsViewController.m in Sources */ = {isa = PBXBuildFile; fileRef = 25C991D915717E9800FFD57B /* DealsViewController.m */; };
/* End PBXBuildFile section */

/* Begin PBXContainerItemProxy section */
		25506DAE156BD6CA00EB1FC5 /* PBXContainerItemProxy */ = {
			isa = PBXContainerItemProxy;
			containerPortal = 25506D74156BD6C900EB1FC5 /* Project object */;
			proxyType = 1;
			remoteGlobalIDString = 25506D7C156BD6C900EB1FC5;
			remoteInfo = GrandCercle;
		};
/* End PBXContainerItemProxy section */

/* Begin PBXFileReference section */
		045DB6A11573D16B00F153B8 /* GrandCercle copy-Info.plist */ = {isa = PBXFileReference; lastKnownFileType = text.plist.xml; name = "GrandCercle copy-Info.plist"; path = "/Users/jeremykrein/Documents/Cours/Projet_Spe/GC_Mobile/iOS/GrandCercle/GrandCercle copy-Info.plist"; sourceTree = "<absolute>"; };
		045DB6B21573DA1600F153B8 /* News.h */ = {isa = PBXFileReference; fileEncoding = 4; lastKnownFileType = sourcecode.c.h; path = News.h; sourceTree = "<group>"; };
		045DB6B31573DA1600F153B8 /* News.m */ = {isa = PBXFileReference; fileEncoding = 4; lastKnownFileType = sourcecode.c.objc; path = News.m; sourceTree = "<group>"; };
		045DB6B51573E2EF00F153B8 /* NewsParser.h */ = {isa = PBXFileReference; fileEncoding = 4; lastKnownFileType = sourcecode.c.h; path = NewsParser.h; sourceTree = "<group>"; };
		045DB6B61573E2EF00F153B8 /* NewsParser.m */ = {isa = PBXFileReference; fileEncoding = 4; lastKnownFileType = sourcecode.c.objc; path = NewsParser.m; sourceTree = "<group>"; };
		045DB6BC1573EECF00F153B8 /* TBXML.h */ = {isa = PBXFileReference; fileEncoding = 4; lastKnownFileType = sourcecode.c.h; path = TBXML.h; sourceTree = "<group>"; };
		045DB6BD1573EECF00F153B8 /* TBXML.m */ = {isa = PBXFileReference; fileEncoding = 4; lastKnownFileType = sourcecode.c.objc; path = TBXML.m; sourceTree = "<group>"; };
		045DB6BE1573EECF00F153B8 /* TBXML+HTTP.h */ = {isa = PBXFileReference; fileEncoding = 4; lastKnownFileType = sourcecode.c.h; path = "TBXML+HTTP.h"; sourceTree = "<group>"; };
		045DB6BF1573EECF00F153B8 /* TBXML+HTTP.m */ = {isa = PBXFileReference; fileEncoding = 4; lastKnownFileType = sourcecode.c.objc; path = "TBXML+HTTP.m"; sourceTree = "<group>"; };
		045DB6C21573F7CE00F153B8 /* FirstView.xib */ = {isa = PBXFileReference; fileEncoding = 4; lastKnownFileType = file.xib; path = FirstView.xib; sourceTree = "<group>"; };
		045DB7161574102A00F153B8 /* Evenements.h */ = {isa = PBXFileReference; fileEncoding = 4; lastKnownFileType = sourcecode.c.h; path = Evenements.h; sourceTree = "<group>"; };
		045DB7171574102A00F153B8 /* Evenements.m */ = {isa = PBXFileReference; fileEncoding = 4; lastKnownFileType = sourcecode.c.objc; path = Evenements.m; sourceTree = "<group>"; };
		045DB7191574159300F153B8 /* EvenementsParser.h */ = {isa = PBXFileReference; fileEncoding = 4; lastKnownFileType = sourcecode.c.h; path = EvenementsParser.h; sourceTree = "<group>"; };
		045DB71A1574159300F153B8 /* EvenementsParser.m */ = {isa = PBXFileReference; fileEncoding = 4; lastKnownFileType = sourcecode.c.objc; path = EvenementsParser.m; sourceTree = "<group>"; };
		04AAF89515737B97004B0149 /* calendar.png */ = {isa = PBXFileReference; lastKnownFileType = image.png; path = calendar.png; sourceTree = "<group>"; };
		04AAF89615737B97004B0149 /* deals.png */ = {isa = PBXFileReference; lastKnownFileType = image.png; path = deals.png; sourceTree = "<group>"; };
		04AAF89715737B97004B0149 /* news.png */ = {isa = PBXFileReference; lastKnownFileType = image.png; path = news.png; sourceTree = "<group>"; };
		04AAF89815737B97004B0149 /* search.png */ = {isa = PBXFileReference; lastKnownFileType = image.png; path = search.png; sourceTree = "<group>"; };
		04AAF89915737B97004B0149 /* settings.png */ = {isa = PBXFileReference; lastKnownFileType = image.png; path = settings.png; sourceTree = "<group>"; };
		04CEC93D1573CBC700A8BFFB /* libz.dylib */ = {isa = PBXFileReference; lastKnownFileType = "compiled.mach-o.dylib"; name = libz.dylib; path = usr/lib/libz.dylib; sourceTree = SDKROOT; };
		25506D7D156BD6C900EB1FC5 /* GrandCercle.app */ = {isa = PBXFileReference; explicitFileType = wrapper.application; includeInIndex = 0; path = GrandCercle.app; sourceTree = BUILT_PRODUCTS_DIR; };
		25506D81156BD6C900EB1FC5 /* UIKit.framework */ = {isa = PBXFileReference; lastKnownFileType = wrapper.framework; name = UIKit.framework; path = System/Library/Frameworks/UIKit.framework; sourceTree = SDKROOT; };
		25506D83156BD6C900EB1FC5 /* Foundation.framework */ = {isa = PBXFileReference; lastKnownFileType = wrapper.framework; name = Foundation.framework; path = System/Library/Frameworks/Foundation.framework; sourceTree = SDKROOT; };
		25506D85156BD6C900EB1FC5 /* CoreGraphics.framework */ = {isa = PBXFileReference; lastKnownFileType = wrapper.framework; name = CoreGraphics.framework; path = System/Library/Frameworks/CoreGraphics.framework; sourceTree = SDKROOT; };
		25506D89156BD6C900EB1FC5 /* GrandCercle-Info.plist */ = {isa = PBXFileReference; lastKnownFileType = text.plist.xml; path = "GrandCercle-Info.plist"; sourceTree = "<group>"; };
		25506D8B156BD6C900EB1FC5 /* en */ = {isa = PBXFileReference; lastKnownFileType = text.plist.strings; name = en; path = en.lproj/InfoPlist.strings; sourceTree = "<group>"; };
		25506D8D156BD6C900EB1FC5 /* main.m */ = {isa = PBXFileReference; lastKnownFileType = sourcecode.c.objc; path = main.m; sourceTree = "<group>"; };
		25506D8F156BD6C900EB1FC5 /* GrandCercle-Prefix.pch */ = {isa = PBXFileReference; lastKnownFileType = sourcecode.c.h; path = "GrandCercle-Prefix.pch"; sourceTree = "<group>"; };
		25506D90156BD6C900EB1FC5 /* AppDelegate.h */ = {isa = PBXFileReference; lastKnownFileType = sourcecode.c.h; path = AppDelegate.h; sourceTree = "<group>"; };
		25506D91156BD6C900EB1FC5 /* AppDelegate.m */ = {isa = PBXFileReference; lastKnownFileType = sourcecode.c.objc; path = AppDelegate.m; sourceTree = "<group>"; };
		25506D94156BD6CA00EB1FC5 /* en */ = {isa = PBXFileReference; lastKnownFileType = file.storyboard; name = en; path = en.lproj/MainStoryboard.storyboard; sourceTree = "<group>"; };
		25506D96156BD6CA00EB1FC5 /* CalendarViewController.h */ = {isa = PBXFileReference; lastKnownFileType = sourcecode.c.h; path = CalendarViewController.h; sourceTree = "<group>"; };
		25506D97156BD6CA00EB1FC5 /* CalendarViewController.m */ = {isa = PBXFileReference; lastKnownFileType = sourcecode.c.objc; path = CalendarViewController.m; sourceTree = "<group>"; };
		25506D99156BD6CA00EB1FC5 /* first.png */ = {isa = PBXFileReference; lastKnownFileType = image.png; path = first.png; sourceTree = "<group>"; };
		25506D9B156BD6CA00EB1FC5 /* first@2x.png */ = {isa = PBXFileReference; lastKnownFileType = image.png; path = "first@2x.png"; sourceTree = "<group>"; };
		25506D9D156BD6CA00EB1FC5 /* NewsViewController.h */ = {isa = PBXFileReference; lastKnownFileType = sourcecode.c.h; path = NewsViewController.h; sourceTree = "<group>"; };
		25506D9E156BD6CA00EB1FC5 /* NewsViewController.m */ = {isa = PBXFileReference; lastKnownFileType = sourcecode.c.objc; path = NewsViewController.m; sourceTree = "<group>"; };
		25506DA0156BD6CA00EB1FC5 /* second.png */ = {isa = PBXFileReference; lastKnownFileType = image.png; path = second.png; sourceTree = "<group>"; };
		25506DA2156BD6CA00EB1FC5 /* second@2x.png */ = {isa = PBXFileReference; lastKnownFileType = image.png; path = "second@2x.png"; sourceTree = "<group>"; };
		25506DA9156BD6CA00EB1FC5 /* GrandCercleTests.octest */ = {isa = PBXFileReference; explicitFileType = wrapper.cfbundle; includeInIndex = 0; path = GrandCercleTests.octest; sourceTree = BUILT_PRODUCTS_DIR; };
		25506DAA156BD6CA00EB1FC5 /* SenTestingKit.framework */ = {isa = PBXFileReference; lastKnownFileType = wrapper.framework; name = SenTestingKit.framework; path = Library/Frameworks/SenTestingKit.framework; sourceTree = DEVELOPER_DIR; };
		25506DB2156BD6CA00EB1FC5 /* GrandCercleTests-Info.plist */ = {isa = PBXFileReference; lastKnownFileType = text.plist.xml; path = "GrandCercleTests-Info.plist"; sourceTree = "<group>"; };
		25506DB4156BD6CA00EB1FC5 /* en */ = {isa = PBXFileReference; lastKnownFileType = text.plist.strings; name = en; path = en.lproj/InfoPlist.strings; sourceTree = "<group>"; };
		25506DB6156BD6CA00EB1FC5 /* GrandCercleTests.h */ = {isa = PBXFileReference; lastKnownFileType = sourcecode.c.h; path = GrandCercleTests.h; sourceTree = "<group>"; };
		25506DB7156BD6CA00EB1FC5 /* GrandCercleTests.m */ = {isa = PBXFileReference; lastKnownFileType = sourcecode.c.objc; path = GrandCercleTests.m; sourceTree = "<group>"; };
		25C991D815717E9800FFD57B /* DealsViewController.h */ = {isa = PBXFileReference; fileEncoding = 4; lastKnownFileType = sourcecode.c.h; path = DealsViewController.h; sourceTree = "<group>"; };
		25C991D915717E9800FFD57B /* DealsViewController.m */ = {isa = PBXFileReference; fileEncoding = 4; lastKnownFileType = sourcecode.c.objc; path = DealsViewController.m; sourceTree = "<group>"; };
/* End PBXFileReference section */

/* Begin PBXFrameworksBuildPhase section */
		25506D7A156BD6C900EB1FC5 /* Frameworks */ = {
			isa = PBXFrameworksBuildPhase;
			buildActionMask = 2147483647;
			files = (
				04CEC93E1573CBC700A8BFFB /* libz.dylib in Frameworks */,
				25506D82156BD6C900EB1FC5 /* UIKit.framework in Frameworks */,
				25506D84156BD6C900EB1FC5 /* Foundation.framework in Frameworks */,
				25506D86156BD6C900EB1FC5 /* CoreGraphics.framework in Frameworks */,
			);
			runOnlyForDeploymentPostprocessing = 0;
		};
		25506DA5156BD6CA00EB1FC5 /* Frameworks */ = {
			isa = PBXFrameworksBuildPhase;
			buildActionMask = 2147483647;
			files = (
				25506DAB156BD6CA00EB1FC5 /* SenTestingKit.framework in Frameworks */,
				25506DAC156BD6CA00EB1FC5 /* UIKit.framework in Frameworks */,
				25506DAD156BD6CA00EB1FC5 /* Foundation.framework in Frameworks */,
			);
			runOnlyForDeploymentPostprocessing = 0;
		};
/* End PBXFrameworksBuildPhase section */

/* Begin PBXGroup section */
		04CEC9361573C85500A8BFFB /* TBXML */ = {
			isa = PBXGroup;
			children = (
				045DB6BC1573EECF00F153B8 /* TBXML.h */,
				045DB6BD1573EECF00F153B8 /* TBXML.m */,
				045DB6BE1573EECF00F153B8 /* TBXML+HTTP.h */,
				045DB6BF1573EECF00F153B8 /* TBXML+HTTP.m */,
			);
			name = TBXML;
			sourceTree = "<group>";
		};
		25506D72156BD6C900EB1FC5 = {
			isa = PBXGroup;
			children = (
				04CEC93D1573CBC700A8BFFB /* libz.dylib */,
				04CEC9361573C85500A8BFFB /* TBXML */,
				25506D87156BD6C900EB1FC5 /* GrandCercle */,
				25506DB0156BD6CA00EB1FC5 /* GrandCercleTests */,
				25506D80156BD6C900EB1FC5 /* Frameworks */,
				25506D7E156BD6C900EB1FC5 /* Products */,
				045DB6A11573D16B00F153B8 /* GrandCercle copy-Info.plist */,
			);
			sourceTree = "<group>";
		};
		25506D7E156BD6C900EB1FC5 /* Products */ = {
			isa = PBXGroup;
			children = (
				25506D7D156BD6C900EB1FC5 /* GrandCercle.app */,
				25506DA9156BD6CA00EB1FC5 /* GrandCercleTests.octest */,
			);
			name = Products;
			sourceTree = "<group>";
		};
		25506D80156BD6C900EB1FC5 /* Frameworks */ = {
			isa = PBXGroup;
			children = (
				25506D81156BD6C900EB1FC5 /* UIKit.framework */,
				25506D83156BD6C900EB1FC5 /* Foundation.framework */,
				25506D85156BD6C900EB1FC5 /* CoreGraphics.framework */,
				25506DAA156BD6CA00EB1FC5 /* SenTestingKit.framework */,
			);
			name = Frameworks;
			sourceTree = "<group>";
		};
		25506D87156BD6C900EB1FC5 /* GrandCercle */ = {
			isa = PBXGroup;
			children = (
				25C991D815717E9800FFD57B /* DealsViewController.h */,
				25C991D915717E9800FFD57B /* DealsViewController.m */,
				25506DC1156BDBD200EB1FC5 /* images */,
				25506D90156BD6C900EB1FC5 /* AppDelegate.h */,
				25506D91156BD6C900EB1FC5 /* AppDelegate.m */,
				25506D93156BD6CA00EB1FC5 /* MainStoryboard.storyboard */,
				25506D96156BD6CA00EB1FC5 /* CalendarViewController.h */,
				25506D97156BD6CA00EB1FC5 /* CalendarViewController.m */,
				25506D9D156BD6CA00EB1FC5 /* NewsViewController.h */,
				25506D9E156BD6CA00EB1FC5 /* NewsViewController.m */,
				045DB6B21573DA1600F153B8 /* News.h */,
				045DB6B31573DA1600F153B8 /* News.m */,
				045DB6B51573E2EF00F153B8 /* NewsParser.h */,
				045DB6B61573E2EF00F153B8 /* NewsParser.m */,
				045DB7161574102A00F153B8 /* Evenements.h */,
				045DB7171574102A00F153B8 /* Evenements.m */,
				045DB7191574159300F153B8 /* EvenementsParser.h */,
				045DB71A1574159300F153B8 /* EvenementsParser.m */,
				25506D88156BD6C900EB1FC5 /* Supporting Files */,
				045DB6C21573F7CE00F153B8 /* FirstView.xib */,
			);
			path = GrandCercle;
			sourceTree = "<group>";
		};
		25506D88156BD6C900EB1FC5 /* Supporting Files */ = {
			isa = PBXGroup;
			children = (
				25506D89156BD6C900EB1FC5 /* GrandCercle-Info.plist */,
				25506D8A156BD6C900EB1FC5 /* InfoPlist.strings */,
				25506D8D156BD6C900EB1FC5 /* main.m */,
				25506D8F156BD6C900EB1FC5 /* GrandCercle-Prefix.pch */,
			);
			name = "Supporting Files";
			sourceTree = "<group>";
		};
		25506DB0156BD6CA00EB1FC5 /* GrandCercleTests */ = {
			isa = PBXGroup;
			children = (
				25506DB6156BD6CA00EB1FC5 /* GrandCercleTests.h */,
				25506DB7156BD6CA00EB1FC5 /* GrandCercleTests.m */,
				25506DB1156BD6CA00EB1FC5 /* Supporting Files */,
			);
			path = GrandCercleTests;
			sourceTree = "<group>";
		};
		25506DB1156BD6CA00EB1FC5 /* Supporting Files */ = {
			isa = PBXGroup;
			children = (
				25506DB2156BD6CA00EB1FC5 /* GrandCercleTests-Info.plist */,
				25506DB3156BD6CA00EB1FC5 /* InfoPlist.strings */,
			);
			name = "Supporting Files";
			sourceTree = "<group>";
		};
		25506DC1156BDBD200EB1FC5 /* images */ = {
			isa = PBXGroup;
			children = (
				04AAF89515737B97004B0149 /* calendar.png */,
				04AAF89615737B97004B0149 /* deals.png */,
				04AAF89715737B97004B0149 /* news.png */,
				04AAF89815737B97004B0149 /* search.png */,
				04AAF89915737B97004B0149 /* settings.png */,
				25506D99156BD6CA00EB1FC5 /* first.png */,
				25506D9B156BD6CA00EB1FC5 /* first@2x.png */,
				25506DA0156BD6CA00EB1FC5 /* second.png */,
				25506DA2156BD6CA00EB1FC5 /* second@2x.png */,
			);
			name = images;
			sourceTree = "<group>";
		};
/* End PBXGroup section */

/* Begin PBXNativeTarget section */
		25506D7C156BD6C900EB1FC5 /* GrandCercle */ = {
			isa = PBXNativeTarget;
			buildConfigurationList = 25506DBB156BD6CA00EB1FC5 /* Build configuration list for PBXNativeTarget "GrandCercle" */;
			buildPhases = (
				25506D79156BD6C900EB1FC5 /* Sources */,
				25506D7A156BD6C900EB1FC5 /* Frameworks */,
				25506D7B156BD6C900EB1FC5 /* Resources */,
			);
			buildRules = (
			);
			dependencies = (
			);
			name = GrandCercle;
			productName = GrandCercle;
			productReference = 25506D7D156BD6C900EB1FC5 /* GrandCercle.app */;
			productType = "com.apple.product-type.application";
		};
		25506DA8156BD6CA00EB1FC5 /* GrandCercleTests */ = {
			isa = PBXNativeTarget;
			buildConfigurationList = 25506DBE156BD6CA00EB1FC5 /* Build configuration list for PBXNativeTarget "GrandCercleTests" */;
			buildPhases = (
				25506DA4156BD6CA00EB1FC5 /* Sources */,
				25506DA5156BD6CA00EB1FC5 /* Frameworks */,
				25506DA6156BD6CA00EB1FC5 /* Resources */,
				25506DA7156BD6CA00EB1FC5 /* ShellScript */,
			);
			buildRules = (
			);
			dependencies = (
				25506DAF156BD6CA00EB1FC5 /* PBXTargetDependency */,
			);
			name = GrandCercleTests;
			productName = GrandCercleTests;
			productReference = 25506DA9156BD6CA00EB1FC5 /* GrandCercleTests.octest */;
			productType = "com.apple.product-type.bundle";
		};
/* End PBXNativeTarget section */

/* Begin PBXProject section */
		25506D74156BD6C900EB1FC5 /* Project object */ = {
			isa = PBXProject;
			attributes = {
				LastUpgradeCheck = 0430;
				ORGANIZATIONNAME = Ensimag;
			};
			buildConfigurationList = 25506D77156BD6C900EB1FC5 /* Build configuration list for PBXProject "GrandCercle" */;
			compatibilityVersion = "Xcode 3.2";
			developmentRegion = English;
			hasScannedForEncodings = 0;
			knownRegions = (
				en,
			);
			mainGroup = 25506D72156BD6C900EB1FC5;
			productRefGroup = 25506D7E156BD6C900EB1FC5 /* Products */;
			projectDirPath = "";
			projectRoot = "";
			targets = (
				25506D7C156BD6C900EB1FC5 /* GrandCercle */,
				25506DA8156BD6CA00EB1FC5 /* GrandCercleTests */,
			);
		};
/* End PBXProject section */

/* Begin PBXResourcesBuildPhase section */
		25506D7B156BD6C900EB1FC5 /* Resources */ = {
			isa = PBXResourcesBuildPhase;
			buildActionMask = 2147483647;
			files = (
				25506D8C156BD6C900EB1FC5 /* InfoPlist.strings in Resources */,
				25506D95156BD6CA00EB1FC5 /* MainStoryboard.storyboard in Resources */,
				25506D9A156BD6CA00EB1FC5 /* first.png in Resources */,
				25506D9C156BD6CA00EB1FC5 /* first@2x.png in Resources */,
				25506DA1156BD6CA00EB1FC5 /* second.png in Resources */,
				25506DA3156BD6CA00EB1FC5 /* second@2x.png in Resources */,
				04AAF89A15737B97004B0149 /* calendar.png in Resources */,
				04AAF89B15737B97004B0149 /* deals.png in Resources */,
				04AAF89C15737B97004B0149 /* news.png in Resources */,
				04AAF89D15737B97004B0149 /* search.png in Resources */,
				04AAF89E15737B97004B0149 /* settings.png in Resources */,
				045DB6C31573F7CE00F153B8 /* FirstView.xib in Resources */,
			);
			runOnlyForDeploymentPostprocessing = 0;
		};
		25506DA6156BD6CA00EB1FC5 /* Resources */ = {
			isa = PBXResourcesBuildPhase;
			buildActionMask = 2147483647;
			files = (
				25506DB5156BD6CA00EB1FC5 /* InfoPlist.strings in Resources */,
			);
			runOnlyForDeploymentPostprocessing = 0;
		};
/* End PBXResourcesBuildPhase section */

/* Begin PBXShellScriptBuildPhase section */
		25506DA7156BD6CA00EB1FC5 /* ShellScript */ = {
			isa = PBXShellScriptBuildPhase;
			buildActionMask = 2147483647;
			files = (
			);
			inputPaths = (
			);
			outputPaths = (
			);
			runOnlyForDeploymentPostprocessing = 0;
			shellPath = /bin/sh;
			shellScript = "# Run the unit tests in this test bundle.\n\"${SYSTEM_DEVELOPER_DIR}/Tools/RunUnitTests\"\n";
		};
/* End PBXShellScriptBuildPhase section */

/* Begin PBXSourcesBuildPhase section */
		25506D79156BD6C900EB1FC5 /* Sources */ = {
			isa = PBXSourcesBuildPhase;
			buildActionMask = 2147483647;
			files = (
				25506D8E156BD6C900EB1FC5 /* main.m in Sources */,
				25506D92156BD6C900EB1FC5 /* AppDelegate.m in Sources */,
				25506D98156BD6CA00EB1FC5 /* CalendarViewController.m in Sources */,
				25506D9F156BD6CA00EB1FC5 /* NewsViewController.m in Sources */,
				25C991DA15717E9800FFD57B /* DealsViewController.m in Sources */,
				045DB6B41573DA1600F153B8 /* News.m in Sources */,
				045DB6B71573E2EF00F153B8 /* NewsParser.m in Sources */,
				045DB6C01573EECF00F153B8 /* TBXML.m in Sources */,
				045DB6C11573EECF00F153B8 /* TBXML+HTTP.m in Sources */,
				045DB7181574102A00F153B8 /* Evenements.m in Sources */,
				045DB71B1574159300F153B8 /* EvenementsParser.m in Sources */,
			);
			runOnlyForDeploymentPostprocessing = 0;
		};
		25506DA4156BD6CA00EB1FC5 /* Sources */ = {
			isa = PBXSourcesBuildPhase;
			buildActionMask = 2147483647;
			files = (
				25506DB8156BD6CA00EB1FC5 /* GrandCercleTests.m in Sources */,
			);
			runOnlyForDeploymentPostprocessing = 0;
		};
/* End PBXSourcesBuildPhase section */

/* Begin PBXTargetDependency section */
		25506DAF156BD6CA00EB1FC5 /* PBXTargetDependency */ = {
			isa = PBXTargetDependency;
			target = 25506D7C156BD6C900EB1FC5 /* GrandCercle */;
			targetProxy = 25506DAE156BD6CA00EB1FC5 /* PBXContainerItemProxy */;
		};
/* End PBXTargetDependency section */

/* Begin PBXVariantGroup section */
		25506D8A156BD6C900EB1FC5 /* InfoPlist.strings */ = {
			isa = PBXVariantGroup;
			children = (
				25506D8B156BD6C900EB1FC5 /* en */,
			);
			name = InfoPlist.strings;
			sourceTree = "<group>";
		};
		25506D93156BD6CA00EB1FC5 /* MainStoryboard.storyboard */ = {
			isa = PBXVariantGroup;
			children = (
				25506D94156BD6CA00EB1FC5 /* en */,
			);
			name = MainStoryboard.storyboard;
			sourceTree = "<group>";
		};
		25506DB3156BD6CA00EB1FC5 /* InfoPlist.strings */ = {
			isa = PBXVariantGroup;
			children = (
				25506DB4156BD6CA00EB1FC5 /* en */,
			);
			name = InfoPlist.strings;
			sourceTree = "<group>";
		};
/* End PBXVariantGroup section */

/* Begin XCBuildConfiguration section */
		25506DB9156BD6CA00EB1FC5 /* Debug */ = {
			isa = XCBuildConfiguration;
			buildSettings = {
				ALWAYS_SEARCH_USER_PATHS = NO;
				ARCHS = "$(ARCHS_STANDARD_32_BIT)";
				CLANG_ENABLE_OBJC_ARC = NO;
				"CODE_SIGN_IDENTITY[sdk=iphoneos*]" = "iPhone Developer";
				COPY_PHASE_STRIP = NO;
				GCC_C_LANGUAGE_STANDARD = gnu99;
				GCC_DYNAMIC_NO_PIC = NO;
				GCC_OPTIMIZATION_LEVEL = 0;
				GCC_PREPROCESSOR_DEFINITIONS = (
					"DEBUG=1",
					"$(inherited)",
				);
				GCC_SYMBOLS_PRIVATE_EXTERN = NO;
				GCC_VERSION = "";
				GCC_WARN_ABOUT_RETURN_TYPE = YES;
				GCC_WARN_UNINITIALIZED_AUTOS = YES;
				GCC_WARN_UNUSED_VARIABLE = YES;
				IPHONEOS_DEPLOYMENT_TARGET = 5.0;
				SDKROOT = iphoneos;
			};
			name = Debug;
		};
		25506DBA156BD6CA00EB1FC5 /* Release */ = {
			isa = XCBuildConfiguration;
			buildSettings = {
				ALWAYS_SEARCH_USER_PATHS = NO;
				ARCHS = "$(ARCHS_STANDARD_32_BIT)";
				CLANG_ENABLE_OBJC_ARC = NO;
				"CODE_SIGN_IDENTITY[sdk=iphoneos*]" = "iPhone Developer";
				COPY_PHASE_STRIP = YES;
				GCC_C_LANGUAGE_STANDARD = gnu99;
				GCC_VERSION = "";
				GCC_WARN_ABOUT_RETURN_TYPE = YES;
				GCC_WARN_UNINITIALIZED_AUTOS = YES;
				GCC_WARN_UNUSED_VARIABLE = YES;
				IPHONEOS_DEPLOYMENT_TARGET = 5.0;
				OTHER_CFLAGS = "-DNS_BLOCK_ASSERTIONS=1";
				SDKROOT = iphoneos;
				VALIDATE_PRODUCT = YES;
			};
			name = Release;
		};
		25506DBC156BD6CA00EB1FC5 /* Debug */ = {
			isa = XCBuildConfiguration;
			buildSettings = {
				CLANG_ENABLE_OBJC_ARC = NO;
				CLANG_WARN_OBJCPP_ARC_ABI = NO;
				GCC_PRECOMPILE_PREFIX_HEADER = YES;
				GCC_PREFIX_HEADER = "GrandCercle/GrandCercle-Prefix.pch";
				GCC_VERSION = "";
				INFOPLIST_FILE = "GrandCercle/GrandCercle-Info.plist";
				IPHONEOS_DEPLOYMENT_TARGET = 4.3;
				PRODUCT_NAME = "$(TARGET_NAME)";
				WRAPPER_EXTENSION = app;
			};
			name = Debug;
		};
		25506DBD156BD6CA00EB1FC5 /* Release */ = {
			isa = XCBuildConfiguration;
			buildSettings = {
				CLANG_ENABLE_OBJC_ARC = NO;
				CLANG_WARN_OBJCPP_ARC_ABI = NO;
				GCC_PRECOMPILE_PREFIX_HEADER = YES;
				GCC_PREFIX_HEADER = "GrandCercle/GrandCercle-Prefix.pch";
				GCC_VERSION = "";
				INFOPLIST_FILE = "GrandCercle/GrandCercle-Info.plist";
				IPHONEOS_DEPLOYMENT_TARGET = 4.3;
				PRODUCT_NAME = "$(TARGET_NAME)";
				WRAPPER_EXTENSION = app;
			};
			name = Release;
		};
		25506DBF156BD6CA00EB1FC5 /* Debug */ = {
			isa = XCBuildConfiguration;
			buildSettings = {
				BUNDLE_LOADER = "$(BUILT_PRODUCTS_DIR)/GrandCercle.app/GrandCercle";
				FRAMEWORK_SEARCH_PATHS = (
					"$(SDKROOT)/Developer/Library/Frameworks",
					"$(DEVELOPER_LIBRARY_DIR)/Frameworks",
				);
				GCC_PRECOMPILE_PREFIX_HEADER = YES;
				GCC_PREFIX_HEADER = "GrandCercle/GrandCercle-Prefix.pch";
				INFOPLIST_FILE = "GrandCercleTests/GrandCercleTests-Info.plist";
				PRODUCT_NAME = "$(TARGET_NAME)";
				TEST_HOST = "$(BUNDLE_LOADER)";
				WRAPPER_EXTENSION = octest;
			};
			name = Debug;
		};
		25506DC0156BD6CA00EB1FC5 /* Release */ = {
			isa = XCBuildConfiguration;
			buildSettings = {
				BUNDLE_LOADER = "$(BUILT_PRODUCTS_DIR)/GrandCercle.app/GrandCercle";
				FRAMEWORK_SEARCH_PATHS = (
					"$(SDKROOT)/Developer/Library/Frameworks",
					"$(DEVELOPER_LIBRARY_DIR)/Frameworks",
				);
				GCC_PRECOMPILE_PREFIX_HEADER = YES;
				GCC_PREFIX_HEADER = "GrandCercle/GrandCercle-Prefix.pch";
				INFOPLIST_FILE = "GrandCercleTests/GrandCercleTests-Info.plist";
				PRODUCT_NAME = "$(TARGET_NAME)";
				TEST_HOST = "$(BUNDLE_LOADER)";
				WRAPPER_EXTENSION = octest;
			};
			name = Release;
		};
/* End XCBuildConfiguration section */

/* Begin XCConfigurationList section */
		25506D77156BD6C900EB1FC5 /* Build configuration list for PBXProject "GrandCercle" */ = {
			isa = XCConfigurationList;
			buildConfigurations = (
				25506DB9156BD6CA00EB1FC5 /* Debug */,
				25506DBA156BD6CA00EB1FC5 /* Release */,
			);
			defaultConfigurationIsVisible = 0;
			defaultConfigurationName = Release;
		};
		25506DBB156BD6CA00EB1FC5 /* Build configuration list for PBXNativeTarget "GrandCercle" */ = {
			isa = XCConfigurationList;
			buildConfigurations = (
				25506DBC156BD6CA00EB1FC5 /* Debug */,
				25506DBD156BD6CA00EB1FC5 /* Release */,
			);
			defaultConfigurationIsVisible = 0;
			defaultConfigurationName = Release;
		};
		25506DBE156BD6CA00EB1FC5 /* Build configuration list for PBXNativeTarget "GrandCercleTests" */ = {
			isa = XCConfigurationList;
			buildConfigurations = (
				25506DBF156BD6CA00EB1FC5 /* Debug */,
				25506DC0156BD6CA00EB1FC5 /* Release */,
			);
			defaultConfigurationIsVisible = 0;
			defaultConfigurationName = Release;
		};
/* End XCConfigurationList section */
	};
	rootObject = 25506D74156BD6C900EB1FC5 /* Project object */;
}
