// !$*UTF8*$!
{
	archiveVersion = 1;
	classes = {
	};
	objectVersion = 46;
	objects = {

/* Begin PBXBuildFile section */
		040404F7157CD8CD00157FD4 /* DealsDescriptionCell.xib in Resources */ = {isa = PBXBuildFile; fileRef = 040404F6157CD8CD00157FD4 /* DealsDescriptionCell.xib */; };
		040404FB157D068D00157FD4 /* EventKit.framework in Frameworks */ = {isa = PBXBuildFile; fileRef = 040404FA157D068D00157FD4 /* EventKit.framework */; };
		04060ABD1577AF6700852A3D /* EventsTableViewController.xib in Resources */ = {isa = PBXBuildFile; fileRef = 04060ABC1577AF6700852A3D /* EventsTableViewController.xib */; };
		04060AC01577B50B00852A3D /* EventDetailViewController.m in Sources */ = {isa = PBXBuildFile; fileRef = 04060ABF1577B50B00852A3D /* EventDetailViewController.m */; };
		0435F4891574EF29009F23CD /* NSString+HTML.m in Sources */ = {isa = PBXBuildFile; fileRef = 0435F4881574EF29009F23CD /* NSString+HTML.m */; };
		0435F48D1574EFF3009F23CD /* GTMNSString+HTML.m in Sources */ = {isa = PBXBuildFile; fileRef = 0435F48C1574EFF3009F23CD /* GTMNSString+HTML.m */; };
		0435F4901574F2E7009F23CD /* Items.m in Sources */ = {isa = PBXBuildFile; fileRef = 0435F48F1574F2E7009F23CD /* Items.m */; };
		0435F4951574F4B3009F23CD /* Events.m in Sources */ = {isa = PBXBuildFile; fileRef = 0435F4921574F4B3009F23CD /* Events.m */; };
		0435F4961574F4B3009F23CD /* EventsParser.m in Sources */ = {isa = PBXBuildFile; fileRef = 0435F4941574F4B3009F23CD /* EventsParser.m */; };
		047EB1DB1575383800F2F59B /* EventTopCell.xib in Resources */ = {isa = PBXBuildFile; fileRef = 047EB1DA1575383800F2F59B /* EventTopCell.xib */; };
		047EB1F11576099400F2F59B /* Deals.m in Sources */ = {isa = PBXBuildFile; fileRef = 047EB1F01576099400F2F59B /* Deals.m */; };
		047EB1F4157609D200F2F59B /* DealsParser.m in Sources */ = {isa = PBXBuildFile; fileRef = 047EB1F3157609D200F2F59B /* DealsParser.m */; };
		047EB1F615761A7300F2F59B /* DealCell.xib in Resources */ = {isa = PBXBuildFile; fileRef = 047EB1F515761A7300F2F59B /* DealCell.xib */; };
		04D8263C157CB7980049A41C /* DealsDetailViewController.m in Sources */ = {isa = PBXBuildFile; fileRef = 04D8263B157CB7980049A41C /* DealsDetailViewController.m */; };
		04D8263E157CBBFD0049A41C /* DealsTopCell.xib in Resources */ = {isa = PBXBuildFile; fileRef = 04D8263D157CBBFD0049A41C /* DealsTopCell.xib */; };
		04F4CBD21578B6C400A49037 /* DescriptionCell.xib in Resources */ = {isa = PBXBuildFile; fileRef = 04F4CBD11578B6C400A49037 /* DescriptionCell.xib */; };
		04F4CBD51578C3CB00A49037 /* NewsDetailViewController.m in Sources */ = {isa = PBXBuildFile; fileRef = 04F4CBD41578C3CB00A49037 /* NewsDetailViewController.m */; };
		04F4CBD71578C58000A49037 /* NewsDescriptionCell.xib in Resources */ = {isa = PBXBuildFile; fileRef = 04F4CBD61578C58000A49037 /* NewsDescriptionCell.xib */; };
		04F4CBD91578C73300A49037 /* NewsTopCell.xib in Resources */ = {isa = PBXBuildFile; fileRef = 04F4CBD81578C73300A49037 /* NewsTopCell.xib */; };
		04F4CBE1157915C200A49037 /* EventFourNextViewController.m in Sources */ = {isa = PBXBuildFile; fileRef = 04F4CBDF157915C000A49037 /* EventFourNextViewController.m */; };
		04F4CBE2157915C200A49037 /* EventFourNextViewController.xib in Resources */ = {isa = PBXBuildFile; fileRef = 04F4CBE0157915C200A49037 /* EventFourNextViewController.xib */; };
		250926561585043900BCF015 /* events_bkgd.png in Resources */ = {isa = PBXBuildFile; fileRef = 250926551585043900BCF015 /* events_bkgd.png */; };
		250926581585059100BCF015 /* events_bkgd2.png in Resources */ = {isa = PBXBuildFile; fileRef = 250926571585059100BCF015 /* events_bkgd2.png */; };
		2509265B158526A800BCF015 /* default@2x.png in Resources */ = {isa = PBXBuildFile; fileRef = 25092659158526A800BCF015 /* default@2x.png */; };
		2509265C158526A800BCF015 /* default.png in Resources */ = {isa = PBXBuildFile; fileRef = 2509265A158526A800BCF015 /* default.png */; };
		251FD3F4157F8E7E00F93E4F /* Reachability.m in Sources */ = {isa = PBXBuildFile; fileRef = 251FD3F3157F8E7E00F93E4F /* Reachability.m */; };
		251FD3F6157F910F00F93E4F /* SystemConfiguration.framework in Frameworks */ = {isa = PBXBuildFile; fileRef = 251FD3F5157F910F00F93E4F /* SystemConfiguration.framework */; };
		251FD48D157FFABD00F93E4F /* CoreData.framework in Frameworks */ = {isa = PBXBuildFile; fileRef = 251FD48C157FFABD00F93E4F /* CoreData.framework */; };
		255C809C15740E0100E6ECC3 /* Localizable.strings in Resources */ = {isa = PBXBuildFile; fileRef = 255C809A15740E0100E6ECC3 /* Localizable.strings */; };
		255C80A415740EE900E6ECC3 /* DealsViewController.xib in Resources */ = {isa = PBXBuildFile; fileRef = 255C809E15740EE900E6ECC3 /* DealsViewController.xib */; };
		255C80AB157411AD00E6ECC3 /* NewsCell.xib in Resources */ = {isa = PBXBuildFile; fileRef = 255C80AA157411AD00E6ECC3 /* NewsCell.xib */; };
		255C8144157428A000E6ECC3 /* TBXML.m in Sources */ = {isa = PBXBuildFile; fileRef = 255C813C157428A000E6ECC3 /* TBXML.m */; };
		255C8145157428A000E6ECC3 /* NewsParser.m in Sources */ = {isa = PBXBuildFile; fileRef = 255C813D157428A000E6ECC3 /* NewsParser.m */; };
		255C8146157428A000E6ECC3 /* News.m in Sources */ = {isa = PBXBuildFile; fileRef = 255C813F157428A000E6ECC3 /* News.m */; };
		255C8147157428A000E6ECC3 /* TBXML+HTTP.m in Sources */ = {isa = PBXBuildFile; fileRef = 255C8141157428A000E6ECC3 /* TBXML+HTTP.m */; };
		256217401576A2AC00667661 /* EventCell.xib in Resources */ = {isa = PBXBuildFile; fileRef = 2562173E1576A2AC00667661 /* EventCell.xib */; };
		258D3695157CA8DE0001E64E /* SettingsViewController.m in Sources */ = {isa = PBXBuildFile; fileRef = 258D3694157CA8DE0001E64E /* SettingsViewController.m */; };
		258D36A0157CAD910001E64E /* SettingsDetailViewController.m in Sources */ = {isa = PBXBuildFile; fileRef = 258D369F157CAD910001E64E /* SettingsDetailViewController.m */; };
		258D36A6157CB1260001E64E /* FilterParser.m in Sources */ = {isa = PBXBuildFile; fileRef = 258D36A5157CB1260001E64E /* FilterParser.m */; };
		258D370D157E29930001E64E /* EventInfoCell.xib in Resources */ = {isa = PBXBuildFile; fileRef = 258D370C157E29930001E64E /* EventInfoCell.xib */; };
		258D371E157F60DD0001E64E /* StyledPageControl.m in Sources */ = {isa = PBXBuildFile; fileRef = 258D371D157F60DC0001E64E /* StyledPageControl.m */; };
		2595EA9E1573FA9000CA27B3 /* UIKit.framework in Frameworks */ = {isa = PBXBuildFile; fileRef = 2595EA9D1573FA9000CA27B3 /* UIKit.framework */; };
		2595EAA01573FA9000CA27B3 /* Foundation.framework in Frameworks */ = {isa = PBXBuildFile; fileRef = 2595EA9F1573FA9000CA27B3 /* Foundation.framework */; };
		2595EAA21573FA9000CA27B3 /* CoreGraphics.framework in Frameworks */ = {isa = PBXBuildFile; fileRef = 2595EAA11573FA9000CA27B3 /* CoreGraphics.framework */; };
		2595EAA81573FA9000CA27B3 /* InfoPlist.strings in Resources */ = {isa = PBXBuildFile; fileRef = 2595EAA61573FA9000CA27B3 /* InfoPlist.strings */; };
		2595EAAA1573FA9000CA27B3 /* main.m in Sources */ = {isa = PBXBuildFile; fileRef = 2595EAA91573FA9000CA27B3 /* main.m */; };
		2595EAAE1573FA9000CA27B3 /* AppDelegate.m in Sources */ = {isa = PBXBuildFile; fileRef = 2595EAAD1573FA9000CA27B3 /* AppDelegate.m */; };
		2595EAB11573FA9000CA27B3 /* EventsViewController.m in Sources */ = {isa = PBXBuildFile; fileRef = 2595EAB01573FA9000CA27B3 /* EventsViewController.m */; };
		2595EAB81573FA9000CA27B3 /* NewsViewController.m in Sources */ = {isa = PBXBuildFile; fileRef = 2595EAB71573FA9000CA27B3 /* NewsViewController.m */; };
		2595EABF1573FA9000CA27B3 /* EventsViewController.xib in Resources */ = {isa = PBXBuildFile; fileRef = 2595EABD1573FA9000CA27B3 /* EventsViewController.xib */; };
		2595EAC21573FA9000CA27B3 /* NewsViewController.xib in Resources */ = {isa = PBXBuildFile; fileRef = 2595EAC01573FA9000CA27B3 /* NewsViewController.xib */; };
		2595EACA1573FA9000CA27B3 /* SenTestingKit.framework in Frameworks */ = {isa = PBXBuildFile; fileRef = 2595EAC91573FA9000CA27B3 /* SenTestingKit.framework */; };
		2595EACB1573FA9000CA27B3 /* UIKit.framework in Frameworks */ = {isa = PBXBuildFile; fileRef = 2595EA9D1573FA9000CA27B3 /* UIKit.framework */; };
		2595EACC1573FA9000CA27B3 /* Foundation.framework in Frameworks */ = {isa = PBXBuildFile; fileRef = 2595EA9F1573FA9000CA27B3 /* Foundation.framework */; };
		2595EAD41573FA9000CA27B3 /* InfoPlist.strings in Resources */ = {isa = PBXBuildFile; fileRef = 2595EAD21573FA9000CA27B3 /* InfoPlist.strings */; };
		2595EAD71573FA9000CA27B3 /* Grand_CercleTests.m in Sources */ = {isa = PBXBuildFile; fileRef = 2595EAD61573FA9000CA27B3 /* Grand_CercleTests.m */; };
		2595EAEA1574055200CA27B3 /* settings.png in Resources */ = {isa = PBXBuildFile; fileRef = 2595EAE21574055200CA27B3 /* settings.png */; };
		2595EAEB1574055200CA27B3 /* settings@2x.png in Resources */ = {isa = PBXBuildFile; fileRef = 2595EAE31574055200CA27B3 /* settings@2x.png */; };
		2595EAEC1574055200CA27B3 /* news.png in Resources */ = {isa = PBXBuildFile; fileRef = 2595EAE41574055200CA27B3 /* news.png */; };
		2595EAED1574055200CA27B3 /* infos.png in Resources */ = {isa = PBXBuildFile; fileRef = 2595EAE51574055200CA27B3 /* infos.png */; };
		2595EAEE1574055200CA27B3 /* infos@2x.png in Resources */ = {isa = PBXBuildFile; fileRef = 2595EAE61574055200CA27B3 /* infos@2x.png */; };
		2595EAEF1574055200CA27B3 /* events.png in Resources */ = {isa = PBXBuildFile; fileRef = 2595EAE71574055200CA27B3 /* events.png */; };
		2595EAF01574055200CA27B3 /* deals.png in Resources */ = {isa = PBXBuildFile; fileRef = 2595EAE81574055200CA27B3 /* deals.png */; };
		2595EAF11574055200CA27B3 /* deals@2x.png in Resources */ = {isa = PBXBuildFile; fileRef = 2595EAE91574055200CA27B3 /* deals@2x.png */; };
		2595EAF8157405EB00CA27B3 /* DealsViewController.m in Sources */ = {isa = PBXBuildFile; fileRef = 2595EAF3157405EB00CA27B3 /* DealsViewController.m */; };
		25D13CEA1580EF1B006A4F0C /* InfosViewController.m in Sources */ = {isa = PBXBuildFile; fileRef = 25D13CE91580EF1B006A4F0C /* InfosViewController.m */; };
		25D7C0FE15760BDB00C2B988 /* EventsTableViewController.m in Sources */ = {isa = PBXBuildFile; fileRef = 25D7C0FD15760BDB00C2B988 /* EventsTableViewController.m */; };
		25D8AD7315791F240065C038 /* icon.png in Resources */ = {isa = PBXBuildFile; fileRef = 25D8AD7215791F240065C038 /* icon.png */; };
		25D8AD7515791F2D0065C038 /* icon@2x.png in Resources */ = {isa = PBXBuildFile; fileRef = 25D8AD7415791F2D0065C038 /* icon@2x.png */; };
		25E0E29215751D5F009B8921 /* TapkuLibrary.bundle in Resources */ = {isa = PBXBuildFile; fileRef = 25E0E29115751D5F009B8921 /* TapkuLibrary.bundle */; };
		25E0E29515751DB0009B8921 /* libTapkuLibrary.a in Frameworks */ = {isa = PBXBuildFile; fileRef = 25E0E25D15751736009B8921 /* libTapkuLibrary.a */; };
		25E0E29715751DBC009B8921 /* QuartzCore.framework in Frameworks */ = {isa = PBXBuildFile; fileRef = 25E0E29615751DBC009B8921 /* QuartzCore.framework */; };
		25E0E29915751DC2009B8921 /* MapKit.framework in Frameworks */ = {isa = PBXBuildFile; fileRef = 25E0E29815751DC2009B8921 /* MapKit.framework */; };
		25ECD56015775F2A006E4652 /* EventsCalendarViewController.m in Sources */ = {isa = PBXBuildFile; fileRef = 25ECD55F15775F2A006E4652 /* EventsCalendarViewController.m */; };
		25ECD56215777F81006E4652 /* EventSmallCell.xib in Resources */ = {isa = PBXBuildFile; fileRef = 25ECD56115777F81006E4652 /* EventSmallCell.xib */; };
		25FCD7251580F8E800815C1D /* InfosTopCell.xib in Resources */ = {isa = PBXBuildFile; fileRef = 25FCD7241580F8E800815C1D /* InfosTopCell.xib */; };
		25FCD7271580F94A00815C1D /* InfosDescriptionCell.xib in Resources */ = {isa = PBXBuildFile; fileRef = 25FCD7261580F94A00815C1D /* InfosDescriptionCell.xib */; };
/* End PBXBuildFile section */

/* Begin PBXContainerItemProxy section */
		2595EACD1573FA9000CA27B3 /* PBXContainerItemProxy */ = {
			isa = PBXContainerItemProxy;
			containerPortal = 2595EA901573FA9000CA27B3 /* Project object */;
			proxyType = 1;
			remoteGlobalIDString = 2595EA981573FA9000CA27B3;
			remoteInfo = "Grand Cercle";
		};
		25E0E25C15751736009B8921 /* PBXContainerItemProxy */ = {
			isa = PBXContainerItemProxy;
			containerPortal = 25E0E25415751735009B8921 /* TapkuLibrary.xcodeproj */;
			proxyType = 2;
			remoteGlobalIDString = D2AAC07E0554694100DB518D;
			remoteInfo = TapkuLibrary;
		};
		25E0E25E15751736009B8921 /* PBXContainerItemProxy */ = {
			isa = PBXContainerItemProxy;
			containerPortal = 25E0E25415751735009B8921 /* TapkuLibrary.xcodeproj */;
			proxyType = 2;
			remoteGlobalIDString = 3B45DDF1134C736600D24C1A;
			remoteInfo = LogicTests;
		};
		25E0E29315751DA1009B8921 /* PBXContainerItemProxy */ = {
			isa = PBXContainerItemProxy;
			containerPortal = 25E0E25415751735009B8921 /* TapkuLibrary.xcodeproj */;
			proxyType = 1;
			remoteGlobalIDString = D2AAC07D0554694100DB518D;
			remoteInfo = TapkuLibrary;
		};
/* End PBXContainerItemProxy section */

/* Begin PBXFileReference section */
		040404F6157CD8CD00157FD4 /* DealsDescriptionCell.xib */ = {isa = PBXFileReference; fileEncoding = 4; lastKnownFileType = file.xib; path = DealsDescriptionCell.xib; sourceTree = "<group>"; };
		040404FA157D068D00157FD4 /* EventKit.framework */ = {isa = PBXFileReference; lastKnownFileType = wrapper.framework; name = EventKit.framework; path = System/Library/Frameworks/EventKit.framework; sourceTree = SDKROOT; };
		04060ABC1577AF6700852A3D /* EventsTableViewController.xib */ = {isa = PBXFileReference; fileEncoding = 4; lastKnownFileType = file.xib; path = EventsTableViewController.xib; sourceTree = "<group>"; };
		04060ABE1577B50B00852A3D /* EventDetailViewController.h */ = {isa = PBXFileReference; fileEncoding = 4; lastKnownFileType = sourcecode.c.h; name = EventDetailViewController.h; path = ../EventDetailViewController.h; sourceTree = "<group>"; };
		04060ABF1577B50B00852A3D /* EventDetailViewController.m */ = {isa = PBXFileReference; fileEncoding = 4; lastKnownFileType = sourcecode.c.objc; name = EventDetailViewController.m; path = ../EventDetailViewController.m; sourceTree = "<group>"; };
		0435F4871574EF29009F23CD /* NSString+HTML.h */ = {isa = PBXFileReference; fileEncoding = 4; lastKnownFileType = sourcecode.c.h; path = "NSString+HTML.h"; sourceTree = "<group>"; };
		0435F4881574EF29009F23CD /* NSString+HTML.m */ = {isa = PBXFileReference; fileEncoding = 4; lastKnownFileType = sourcecode.c.objc; path = "NSString+HTML.m"; sourceTree = "<group>"; };
		0435F48B1574EFF3009F23CD /* GTMNSString+HTML.h */ = {isa = PBXFileReference; fileEncoding = 4; lastKnownFileType = sourcecode.c.h; path = "GTMNSString+HTML.h"; sourceTree = "<group>"; };
		0435F48C1574EFF3009F23CD /* GTMNSString+HTML.m */ = {isa = PBXFileReference; fileEncoding = 4; lastKnownFileType = sourcecode.c.objc; path = "GTMNSString+HTML.m"; sourceTree = "<group>"; };
		0435F48E1574F2E7009F23CD /* Items.h */ = {isa = PBXFileReference; fileEncoding = 4; lastKnownFileType = sourcecode.c.h; path = Items.h; sourceTree = "<group>"; };
		0435F48F1574F2E7009F23CD /* Items.m */ = {isa = PBXFileReference; fileEncoding = 4; lastKnownFileType = sourcecode.c.objc; path = Items.m; sourceTree = "<group>"; };
		0435F4911574F4B3009F23CD /* Events.h */ = {isa = PBXFileReference; fileEncoding = 4; lastKnownFileType = sourcecode.c.h; path = Events.h; sourceTree = "<group>"; };
		0435F4921574F4B3009F23CD /* Events.m */ = {isa = PBXFileReference; fileEncoding = 4; lastKnownFileType = sourcecode.c.objc; path = Events.m; sourceTree = "<group>"; };
		0435F4931574F4B3009F23CD /* EventsParser.h */ = {isa = PBXFileReference; fileEncoding = 4; lastKnownFileType = sourcecode.c.h; path = EventsParser.h; sourceTree = "<group>"; };
		0435F4941574F4B3009F23CD /* EventsParser.m */ = {isa = PBXFileReference; fileEncoding = 4; lastKnownFileType = sourcecode.c.objc; path = EventsParser.m; sourceTree = "<group>"; };
		047EB1DA1575383800F2F59B /* EventTopCell.xib */ = {isa = PBXFileReference; fileEncoding = 4; lastKnownFileType = file.xib; path = EventTopCell.xib; sourceTree = "<group>"; };
		047EB1EF1576099400F2F59B /* Deals.h */ = {isa = PBXFileReference; fileEncoding = 4; lastKnownFileType = sourcecode.c.h; path = Deals.h; sourceTree = "<group>"; };
		047EB1F01576099400F2F59B /* Deals.m */ = {isa = PBXFileReference; fileEncoding = 4; lastKnownFileType = sourcecode.c.objc; path = Deals.m; sourceTree = "<group>"; };
		047EB1F2157609D200F2F59B /* DealsParser.h */ = {isa = PBXFileReference; fileEncoding = 4; lastKnownFileType = sourcecode.c.h; path = DealsParser.h; sourceTree = "<group>"; };
		047EB1F3157609D200F2F59B /* DealsParser.m */ = {isa = PBXFileReference; fileEncoding = 4; lastKnownFileType = sourcecode.c.objc; path = DealsParser.m; sourceTree = "<group>"; };
		047EB1F515761A7300F2F59B /* DealCell.xib */ = {isa = PBXFileReference; fileEncoding = 4; lastKnownFileType = file.xib; path = DealCell.xib; sourceTree = "<group>"; };
		04D8263A157CB7980049A41C /* DealsDetailViewController.h */ = {isa = PBXFileReference; fileEncoding = 4; lastKnownFileType = sourcecode.c.h; path = DealsDetailViewController.h; sourceTree = "<group>"; };
		04D8263B157CB7980049A41C /* DealsDetailViewController.m */ = {isa = PBXFileReference; fileEncoding = 4; lastKnownFileType = sourcecode.c.objc; path = DealsDetailViewController.m; sourceTree = "<group>"; };
		04D8263D157CBBFD0049A41C /* DealsTopCell.xib */ = {isa = PBXFileReference; fileEncoding = 4; lastKnownFileType = file.xib; path = DealsTopCell.xib; sourceTree = "<group>"; };
		04F4CBD11578B6C400A49037 /* DescriptionCell.xib */ = {isa = PBXFileReference; fileEncoding = 4; lastKnownFileType = file.xib; path = DescriptionCell.xib; sourceTree = "<group>"; };
		04F4CBD31578C3CB00A49037 /* NewsDetailViewController.h */ = {isa = PBXFileReference; fileEncoding = 4; lastKnownFileType = sourcecode.c.h; name = NewsDetailViewController.h; path = ../NewsDetailViewController.h; sourceTree = "<group>"; };
		04F4CBD41578C3CB00A49037 /* NewsDetailViewController.m */ = {isa = PBXFileReference; fileEncoding = 4; lastKnownFileType = sourcecode.c.objc; name = NewsDetailViewController.m; path = ../NewsDetailViewController.m; sourceTree = "<group>"; };
		04F4CBD61578C58000A49037 /* NewsDescriptionCell.xib */ = {isa = PBXFileReference; fileEncoding = 4; lastKnownFileType = file.xib; name = NewsDescriptionCell.xib; path = ../NewsDescriptionCell.xib; sourceTree = "<group>"; };
		04F4CBD81578C73300A49037 /* NewsTopCell.xib */ = {isa = PBXFileReference; fileEncoding = 4; lastKnownFileType = file.xib; name = NewsTopCell.xib; path = ../NewsTopCell.xib; sourceTree = "<group>"; };
		04F4CBDE157915BD00A49037 /* EventFourNextViewController.h */ = {isa = PBXFileReference; fileEncoding = 4; lastKnownFileType = sourcecode.c.h; name = EventFourNextViewController.h; path = ../EventFourNextViewController.h; sourceTree = "<group>"; };
		04F4CBDF157915C000A49037 /* EventFourNextViewController.m */ = {isa = PBXFileReference; fileEncoding = 4; lastKnownFileType = sourcecode.c.objc; name = EventFourNextViewController.m; path = ../EventFourNextViewController.m; sourceTree = "<group>"; };
		04F4CBE0157915C200A49037 /* EventFourNextViewController.xib */ = {isa = PBXFileReference; fileEncoding = 4; lastKnownFileType = file.xib; name = EventFourNextViewController.xib; path = ../EventFourNextViewController.xib; sourceTree = "<group>"; };
		250926551585043900BCF015 /* events_bkgd.png */ = {isa = PBXFileReference; lastKnownFileType = image.png; path = events_bkgd.png; sourceTree = "<group>"; };
		250926571585059100BCF015 /* events_bkgd2.png */ = {isa = PBXFileReference; lastKnownFileType = image.png; path = events_bkgd2.png; sourceTree = "<group>"; };
		25092659158526A800BCF015 /* default@2x.png */ = {isa = PBXFileReference; lastKnownFileType = image.png; path = "default@2x.png"; sourceTree = "<group>"; };
		2509265A158526A800BCF015 /* default.png */ = {isa = PBXFileReference; lastKnownFileType = image.png; path = default.png; sourceTree = "<group>"; };
		251FD3F2157F8E7E00F93E4F /* Reachability.h */ = {isa = PBXFileReference; fileEncoding = 4; lastKnownFileType = sourcecode.c.h; path = Reachability.h; sourceTree = "<group>"; };
		251FD3F3157F8E7E00F93E4F /* Reachability.m */ = {isa = PBXFileReference; fileEncoding = 4; lastKnownFileType = sourcecode.c.objc; path = Reachability.m; sourceTree = "<group>"; };
		251FD3F5157F910F00F93E4F /* SystemConfiguration.framework */ = {isa = PBXFileReference; lastKnownFileType = wrapper.framework; name = SystemConfiguration.framework; path = System/Library/Frameworks/SystemConfiguration.framework; sourceTree = SDKROOT; };
		251FD48C157FFABD00F93E4F /* CoreData.framework */ = {isa = PBXFileReference; lastKnownFileType = wrapper.framework; name = CoreData.framework; path = System/Library/Frameworks/CoreData.framework; sourceTree = SDKROOT; };
		255C809B15740E0100E6ECC3 /* en */ = {isa = PBXFileReference; lastKnownFileType = text.plist.strings; name = en; path = "Grand Cercle/en.lproj/Localizable.strings"; sourceTree = "<group>"; };
		255C809F15740EE900E6ECC3 /* en */ = {isa = PBXFileReference; lastKnownFileType = file.xib; name = en; path = en.lproj/DealsViewController.xib; sourceTree = "<group>"; };
		255C80AA157411AD00E6ECC3 /* NewsCell.xib */ = {isa = PBXFileReference; fileEncoding = 4; lastKnownFileType = file.xib; path = NewsCell.xib; sourceTree = "<group>"; };
		255C813C157428A000E6ECC3 /* TBXML.m */ = {isa = PBXFileReference; fileEncoding = 4; lastKnownFileType = sourcecode.c.objc; path = TBXML.m; sourceTree = "<group>"; };
		255C813D157428A000E6ECC3 /* NewsParser.m */ = {isa = PBXFileReference; fileEncoding = 4; lastKnownFileType = sourcecode.c.objc; path = NewsParser.m; sourceTree = "<group>"; };
		255C813E157428A000E6ECC3 /* News.h */ = {isa = PBXFileReference; fileEncoding = 4; lastKnownFileType = sourcecode.c.h; path = News.h; sourceTree = "<group>"; };
		255C813F157428A000E6ECC3 /* News.m */ = {isa = PBXFileReference; fileEncoding = 4; lastKnownFileType = sourcecode.c.objc; path = News.m; sourceTree = "<group>"; };
		255C8140157428A000E6ECC3 /* NewsParser.h */ = {isa = PBXFileReference; fileEncoding = 4; lastKnownFileType = sourcecode.c.h; path = NewsParser.h; sourceTree = "<group>"; };
		255C8141157428A000E6ECC3 /* TBXML+HTTP.m */ = {isa = PBXFileReference; fileEncoding = 4; lastKnownFileType = sourcecode.c.objc; path = "TBXML+HTTP.m"; sourceTree = "<group>"; };
		255C8142157428A000E6ECC3 /* TBXML.h */ = {isa = PBXFileReference; fileEncoding = 4; lastKnownFileType = sourcecode.c.h; path = TBXML.h; sourceTree = "<group>"; };
		255C8143157428A000E6ECC3 /* TBXML+HTTP.h */ = {isa = PBXFileReference; fileEncoding = 4; lastKnownFileType = sourcecode.c.h; path = "TBXML+HTTP.h"; sourceTree = "<group>"; };
		2562173F1576A2AC00667661 /* en */ = {isa = PBXFileReference; lastKnownFileType = file.xib; name = en; path = en.lproj/EventCell.xib; sourceTree = "<group>"; };
		258D3693157CA8DE0001E64E /* SettingsViewController.h */ = {isa = PBXFileReference; fileEncoding = 4; lastKnownFileType = sourcecode.c.h; path = SettingsViewController.h; sourceTree = "<group>"; };
		258D3694157CA8DE0001E64E /* SettingsViewController.m */ = {isa = PBXFileReference; fileEncoding = 4; lastKnownFileType = sourcecode.c.objc; path = SettingsViewController.m; sourceTree = "<group>"; };
		258D369E157CAD910001E64E /* SettingsDetailViewController.h */ = {isa = PBXFileReference; fileEncoding = 4; lastKnownFileType = sourcecode.c.h; name = SettingsDetailViewController.h; path = ../SettingsDetailViewController.h; sourceTree = "<group>"; };
		258D369F157CAD910001E64E /* SettingsDetailViewController.m */ = {isa = PBXFileReference; fileEncoding = 4; lastKnownFileType = sourcecode.c.objc; name = SettingsDetailViewController.m; path = ../SettingsDetailViewController.m; sourceTree = "<group>"; };
		258D36A5157CB1260001E64E /* FilterParser.m */ = {isa = PBXFileReference; fileEncoding = 4; lastKnownFileType = sourcecode.c.objc; name = FilterParser.m; path = ../FilterParser.m; sourceTree = "<group>"; };
		258D36A7157CB12F0001E64E /* FilterParser.h */ = {isa = PBXFileReference; fileEncoding = 4; lastKnownFileType = sourcecode.c.h; name = FilterParser.h; path = ../FilterParser.h; sourceTree = "<group>"; };
		258D370C157E29930001E64E /* EventInfoCell.xib */ = {isa = PBXFileReference; fileEncoding = 4; lastKnownFileType = file.xib; path = EventInfoCell.xib; sourceTree = "<group>"; };
		258D371C157F60DB0001E64E /* StyledPageControl.h */ = {isa = PBXFileReference; fileEncoding = 4; lastKnownFileType = sourcecode.c.h; name = StyledPageControl.h; path = ../StyledPageControl.h; sourceTree = "<group>"; };
		258D371D157F60DC0001E64E /* StyledPageControl.m */ = {isa = PBXFileReference; fileEncoding = 4; lastKnownFileType = sourcecode.c.objc; name = StyledPageControl.m; path = ../StyledPageControl.m; sourceTree = "<group>"; };
		2595EA991573FA9000CA27B3 /* Grand Cercle.app */ = {isa = PBXFileReference; explicitFileType = wrapper.application; includeInIndex = 0; path = "Grand Cercle.app"; sourceTree = BUILT_PRODUCTS_DIR; };
		2595EA9D1573FA9000CA27B3 /* UIKit.framework */ = {isa = PBXFileReference; lastKnownFileType = wrapper.framework; name = UIKit.framework; path = System/Library/Frameworks/UIKit.framework; sourceTree = SDKROOT; };
		2595EA9F1573FA9000CA27B3 /* Foundation.framework */ = {isa = PBXFileReference; lastKnownFileType = wrapper.framework; name = Foundation.framework; path = System/Library/Frameworks/Foundation.framework; sourceTree = SDKROOT; };
		2595EAA11573FA9000CA27B3 /* CoreGraphics.framework */ = {isa = PBXFileReference; lastKnownFileType = wrapper.framework; name = CoreGraphics.framework; path = System/Library/Frameworks/CoreGraphics.framework; sourceTree = SDKROOT; };
		2595EAA51573FA9000CA27B3 /* Grand Cercle-Info.plist */ = {isa = PBXFileReference; lastKnownFileType = text.plist.xml; path = "Grand Cercle-Info.plist"; sourceTree = "<group>"; };
		2595EAA71573FA9000CA27B3 /* en */ = {isa = PBXFileReference; lastKnownFileType = text.plist.strings; name = en; path = en.lproj/InfoPlist.strings; sourceTree = "<group>"; };
		2595EAA91573FA9000CA27B3 /* main.m */ = {isa = PBXFileReference; lastKnownFileType = sourcecode.c.objc; path = main.m; sourceTree = "<group>"; };
		2595EAAB1573FA9000CA27B3 /* Grand Cercle-Prefix.pch */ = {isa = PBXFileReference; lastKnownFileType = sourcecode.c.h; path = "Grand Cercle-Prefix.pch"; sourceTree = "<group>"; };
		2595EAAC1573FA9000CA27B3 /* AppDelegate.h */ = {isa = PBXFileReference; lastKnownFileType = sourcecode.c.h; path = AppDelegate.h; sourceTree = "<group>"; };
		2595EAAD1573FA9000CA27B3 /* AppDelegate.m */ = {isa = PBXFileReference; lastKnownFileType = sourcecode.c.objc; path = AppDelegate.m; sourceTree = "<group>"; };
		2595EAAF1573FA9000CA27B3 /* EventsViewController.h */ = {isa = PBXFileReference; lastKnownFileType = sourcecode.c.h; path = EventsViewController.h; sourceTree = "<group>"; };
		2595EAB01573FA9000CA27B3 /* EventsViewController.m */ = {isa = PBXFileReference; lastKnownFileType = sourcecode.c.objc; path = EventsViewController.m; sourceTree = "<group>"; };
		2595EAB61573FA9000CA27B3 /* NewsViewController.h */ = {isa = PBXFileReference; lastKnownFileType = sourcecode.c.h; path = NewsViewController.h; sourceTree = "<group>"; };
		2595EAB71573FA9000CA27B3 /* NewsViewController.m */ = {isa = PBXFileReference; lastKnownFileType = sourcecode.c.objc; path = NewsViewController.m; sourceTree = "<group>"; };
		2595EABE1573FA9000CA27B3 /* en */ = {isa = PBXFileReference; lastKnownFileType = file.xib; name = en; path = en.lproj/EventsViewController.xib; sourceTree = "<group>"; };
		2595EAC11573FA9000CA27B3 /* en */ = {isa = PBXFileReference; lastKnownFileType = file.xib; name = en; path = en.lproj/NewsViewController.xib; sourceTree = "<group>"; };
		2595EAC81573FA9000CA27B3 /* Grand CercleTests.octest */ = {isa = PBXFileReference; explicitFileType = wrapper.cfbundle; includeInIndex = 0; path = "Grand CercleTests.octest"; sourceTree = BUILT_PRODUCTS_DIR; };
		2595EAC91573FA9000CA27B3 /* SenTestingKit.framework */ = {isa = PBXFileReference; lastKnownFileType = wrapper.framework; name = SenTestingKit.framework; path = Library/Frameworks/SenTestingKit.framework; sourceTree = DEVELOPER_DIR; };
		2595EAD11573FA9000CA27B3 /* Grand CercleTests-Info.plist */ = {isa = PBXFileReference; lastKnownFileType = text.plist.xml; path = "Grand CercleTests-Info.plist"; sourceTree = "<group>"; };
		2595EAD31573FA9000CA27B3 /* en */ = {isa = PBXFileReference; lastKnownFileType = text.plist.strings; name = en; path = en.lproj/InfoPlist.strings; sourceTree = "<group>"; };
		2595EAD51573FA9000CA27B3 /* Grand_CercleTests.h */ = {isa = PBXFileReference; lastKnownFileType = sourcecode.c.h; path = Grand_CercleTests.h; sourceTree = "<group>"; };
		2595EAD61573FA9000CA27B3 /* Grand_CercleTests.m */ = {isa = PBXFileReference; lastKnownFileType = sourcecode.c.objc; path = Grand_CercleTests.m; sourceTree = "<group>"; };
		2595EAE21574055200CA27B3 /* settings.png */ = {isa = PBXFileReference; lastKnownFileType = image.png; path = settings.png; sourceTree = "<group>"; };
		2595EAE31574055200CA27B3 /* settings@2x.png */ = {isa = PBXFileReference; lastKnownFileType = image.png; path = "settings@2x.png"; sourceTree = "<group>"; };
		2595EAE41574055200CA27B3 /* news.png */ = {isa = PBXFileReference; lastKnownFileType = image.png; path = news.png; sourceTree = "<group>"; };
		2595EAE51574055200CA27B3 /* infos.png */ = {isa = PBXFileReference; lastKnownFileType = image.png; path = infos.png; sourceTree = "<group>"; };
		2595EAE61574055200CA27B3 /* infos@2x.png */ = {isa = PBXFileReference; lastKnownFileType = image.png; path = "infos@2x.png"; sourceTree = "<group>"; };
		2595EAE71574055200CA27B3 /* events.png */ = {isa = PBXFileReference; lastKnownFileType = image.png; path = events.png; sourceTree = "<group>"; };
		2595EAE81574055200CA27B3 /* deals.png */ = {isa = PBXFileReference; lastKnownFileType = image.png; path = deals.png; sourceTree = "<group>"; };
		2595EAE91574055200CA27B3 /* deals@2x.png */ = {isa = PBXFileReference; lastKnownFileType = image.png; path = "deals@2x.png"; sourceTree = "<group>"; };
		2595EAF2157405EA00CA27B3 /* DealsViewController.h */ = {isa = PBXFileReference; fileEncoding = 4; lastKnownFileType = sourcecode.c.h; path = DealsViewController.h; sourceTree = "<group>"; };
		2595EAF3157405EB00CA27B3 /* DealsViewController.m */ = {isa = PBXFileReference; fileEncoding = 4; lastKnownFileType = sourcecode.c.objc; path = DealsViewController.m; sourceTree = "<group>"; };
		25D13CE81580EF1B006A4F0C /* InfosViewController.h */ = {isa = PBXFileReference; fileEncoding = 4; lastKnownFileType = sourcecode.c.h; name = InfosViewController.h; path = ../InfosViewController.h; sourceTree = "<group>"; };
		25D13CE91580EF1B006A4F0C /* InfosViewController.m */ = {isa = PBXFileReference; fileEncoding = 4; lastKnownFileType = sourcecode.c.objc; name = InfosViewController.m; path = ../InfosViewController.m; sourceTree = "<group>"; };
		25D7C0FC15760BDB00C2B988 /* EventsTableViewController.h */ = {isa = PBXFileReference; fileEncoding = 4; lastKnownFileType = sourcecode.c.h; path = EventsTableViewController.h; sourceTree = "<group>"; };
		25D7C0FD15760BDB00C2B988 /* EventsTableViewController.m */ = {isa = PBXFileReference; fileEncoding = 4; lastKnownFileType = sourcecode.c.objc; path = EventsTableViewController.m; sourceTree = "<group>"; };
		25D8AD7215791F240065C038 /* icon.png */ = {isa = PBXFileReference; lastKnownFileType = image.png; path = icon.png; sourceTree = "<group>"; };
		25D8AD7415791F2D0065C038 /* icon@2x.png */ = {isa = PBXFileReference; lastKnownFileType = image.png; path = "icon@2x.png"; sourceTree = "<group>"; };
		25E0E25415751735009B8921 /* TapkuLibrary.xcodeproj */ = {isa = PBXFileReference; lastKnownFileType = "wrapper.pb-project"; name = TapkuLibrary.xcodeproj; path = ../tapkulibrary/src/TapkuLibrary.xcodeproj; sourceTree = "<group>"; };
		25E0E29115751D5F009B8921 /* TapkuLibrary.bundle */ = {isa = PBXFileReference; lastKnownFileType = "wrapper.plug-in"; name = TapkuLibrary.bundle; path = ../tapkulibrary/src/TapkuLibrary.bundle; sourceTree = "<group>"; };
		25E0E29615751DBC009B8921 /* QuartzCore.framework */ = {isa = PBXFileReference; lastKnownFileType = wrapper.framework; name = QuartzCore.framework; path = System/Library/Frameworks/QuartzCore.framework; sourceTree = SDKROOT; };
		25E0E29815751DC2009B8921 /* MapKit.framework */ = {isa = PBXFileReference; lastKnownFileType = wrapper.framework; name = MapKit.framework; path = System/Library/Frameworks/MapKit.framework; sourceTree = SDKROOT; };
		25ECD55E15775F2A006E4652 /* EventsCalendarViewController.h */ = {isa = PBXFileReference; fileEncoding = 4; lastKnownFileType = sourcecode.c.h; name = EventsCalendarViewController.h; path = ../EventsCalendarViewController.h; sourceTree = "<group>"; };
		25ECD55F15775F2A006E4652 /* EventsCalendarViewController.m */ = {isa = PBXFileReference; fileEncoding = 4; lastKnownFileType = sourcecode.c.objc; name = EventsCalendarViewController.m; path = ../EventsCalendarViewController.m; sourceTree = "<group>"; };
		25ECD56115777F81006E4652 /* EventSmallCell.xib */ = {isa = PBXFileReference; fileEncoding = 4; lastKnownFileType = file.xib; path = EventSmallCell.xib; sourceTree = "<group>"; };
		25FCD7241580F8E800815C1D /* InfosTopCell.xib */ = {isa = PBXFileReference; fileEncoding = 4; lastKnownFileType = file.xib; path = InfosTopCell.xib; sourceTree = "<group>"; };
		25FCD7261580F94A00815C1D /* InfosDescriptionCell.xib */ = {isa = PBXFileReference; fileEncoding = 4; lastKnownFileType = file.xib; path = InfosDescriptionCell.xib; sourceTree = "<group>"; };
/* End PBXFileReference section */

/* Begin PBXFrameworksBuildPhase section */
		2595EA961573FA9000CA27B3 /* Frameworks */ = {
			isa = PBXFrameworksBuildPhase;
			buildActionMask = 2147483647;
			files = (
				251FD48D157FFABD00F93E4F /* CoreData.framework in Frameworks */,
				251FD3F6157F910F00F93E4F /* SystemConfiguration.framework in Frameworks */,
				040404FB157D068D00157FD4 /* EventKit.framework in Frameworks */,
				25E0E29915751DC2009B8921 /* MapKit.framework in Frameworks */,
				25E0E29715751DBC009B8921 /* QuartzCore.framework in Frameworks */,
				25E0E29515751DB0009B8921 /* libTapkuLibrary.a in Frameworks */,
				2595EA9E1573FA9000CA27B3 /* UIKit.framework in Frameworks */,
				2595EAA01573FA9000CA27B3 /* Foundation.framework in Frameworks */,
				2595EAA21573FA9000CA27B3 /* CoreGraphics.framework in Frameworks */,
			);
			runOnlyForDeploymentPostprocessing = 0;
		};
		2595EAC41573FA9000CA27B3 /* Frameworks */ = {
			isa = PBXFrameworksBuildPhase;
			buildActionMask = 2147483647;
			files = (
				2595EACA1573FA9000CA27B3 /* SenTestingKit.framework in Frameworks */,
				2595EACB1573FA9000CA27B3 /* UIKit.framework in Frameworks */,
				2595EACC1573FA9000CA27B3 /* Foundation.framework in Frameworks */,
			);
			runOnlyForDeploymentPostprocessing = 0;
		};
/* End PBXFrameworksBuildPhase section */

/* Begin PBXGroup section */
		040404F8157CDB6A00157FD4 /* Deals */ = {
			isa = PBXGroup;
			children = (
				2595EAF2157405EA00CA27B3 /* DealsViewController.h */,
				2595EAF3157405EB00CA27B3 /* DealsViewController.m */,
				04D8263A157CB7980049A41C /* DealsDetailViewController.h */,
				04D8263B157CB7980049A41C /* DealsDetailViewController.m */,
			);
			name = Deals;
			sourceTree = "<group>";
		};
		040404F9157CDBA100157FD4 /* Info */ = {
			isa = PBXGroup;
			children = (
				25D13CE81580EF1B006A4F0C /* InfosViewController.h */,
				25D13CE91580EF1B006A4F0C /* InfosViewController.m */,
			);
			name = Info;
			sourceTree = "<group>";
		};
		251FA64E157903E3005B7318 /* Events */ = {
			isa = PBXGroup;
			children = (
				2595EAAF1573FA9000CA27B3 /* EventsViewController.h */,
				2595EAB01573FA9000CA27B3 /* EventsViewController.m */,
				25D7C0FC15760BDB00C2B988 /* EventsTableViewController.h */,
				25D7C0FD15760BDB00C2B988 /* EventsTableViewController.m */,
				25ECD55E15775F2A006E4652 /* EventsCalendarViewController.h */,
				25ECD55F15775F2A006E4652 /* EventsCalendarViewController.m */,
				04F4CBDE157915BD00A49037 /* EventFourNextViewController.h */,
				04F4CBDF157915C000A49037 /* EventFourNextViewController.m */,
				04060ABE1577B50B00852A3D /* EventDetailViewController.h */,
				04060ABF1577B50B00852A3D /* EventDetailViewController.m */,
			);
			name = Events;
			sourceTree = "<group>";
		};
		251FA64F15790865005B7318 /* Events */ = {
			isa = PBXGroup;
			children = (
				2595EABD1573FA9000CA27B3 /* EventsViewController.xib */,
				04060ABC1577AF6700852A3D /* EventsTableViewController.xib */,
				04F4CBE0157915C200A49037 /* EventFourNextViewController.xib */,
				2562173E1576A2AC00667661 /* EventCell.xib */,
				25ECD56115777F81006E4652 /* EventSmallCell.xib */,
				047EB1DA1575383800F2F59B /* EventTopCell.xib */,
				258D370C157E29930001E64E /* EventInfoCell.xib */,
				04F4CBD11578B6C400A49037 /* DescriptionCell.xib */,
			);
			name = Events;
			sourceTree = "<group>";
		};
		251FD3DF157F679C00F93E4F /* StyledPageControl */ = {
			isa = PBXGroup;
			children = (
				258D371C157F60DB0001E64E /* StyledPageControl.h */,
				258D371D157F60DC0001E64E /* StyledPageControl.m */,
			);
			name = StyledPageControl;
			sourceTree = "<group>";
		};
		251FD3F1157F8E2100F93E4F /* NetworkReachability */ = {
			isa = PBXGroup;
			children = (
				251FD3F2157F8E7E00F93E4F /* Reachability.h */,
				251FD3F3157F8E7E00F93E4F /* Reachability.m */,
			);
			name = NetworkReachability;
			sourceTree = "<group>";
		};
		251FD3F7157F91B600F93E4F /* Deals */ = {
			isa = PBXGroup;
			children = (
				255C809E15740EE900E6ECC3 /* DealsViewController.xib */,
				047EB1F515761A7300F2F59B /* DealCell.xib */,
				04D8263D157CBBFD0049A41C /* DealsTopCell.xib */,
				040404F6157CD8CD00157FD4 /* DealsDescriptionCell.xib */,
			);
			name = Deals;
			sourceTree = "<group>";
		};
		251FD3F8157F91D000F93E4F /* News */ = {
			isa = PBXGroup;
			children = (
				2595EAC01573FA9000CA27B3 /* NewsViewController.xib */,
				255C80AA157411AD00E6ECC3 /* NewsCell.xib */,
				04F4CBD81578C73300A49037 /* NewsTopCell.xib */,
				04F4CBD61578C58000A49037 /* NewsDescriptionCell.xib */,
			);
			name = News;
			sourceTree = "<group>";
		};
		251FD432157FF74100F93E4F /* Models */ = {
			isa = PBXGroup;
			children = (
				0435F4911574F4B3009F23CD /* Events.h */,
				0435F4921574F4B3009F23CD /* Events.m */,
				255C813E157428A000E6ECC3 /* News.h */,
				255C813F157428A000E6ECC3 /* News.m */,
				0435F48E1574F2E7009F23CD /* Items.h */,
				0435F48F1574F2E7009F23CD /* Items.m */,
				047EB1EF1576099400F2F59B /* Deals.h */,
				047EB1F01576099400F2F59B /* Deals.m */,
			);
			name = Models;
			sourceTree = "<group>";
		};
		255C8148157428A300E6ECC3 /* TBXML */ = {
			isa = PBXGroup;
			children = (
				0435F48B1574EFF3009F23CD /* GTMNSString+HTML.h */,
				0435F48C1574EFF3009F23CD /* GTMNSString+HTML.m */,
				0435F4871574EF29009F23CD /* NSString+HTML.h */,
				0435F4881574EF29009F23CD /* NSString+HTML.m */,
				255C8142157428A000E6ECC3 /* TBXML.h */,
				255C813C157428A000E6ECC3 /* TBXML.m */,
				255C8143157428A000E6ECC3 /* TBXML+HTTP.h */,
				255C8141157428A000E6ECC3 /* TBXML+HTTP.m */,
			);
			name = TBXML;
			sourceTree = "<group>";
		};
		258D36A1157CAD9B0001E64E /* Settings */ = {
			isa = PBXGroup;
			children = (
				258D3693157CA8DE0001E64E /* SettingsViewController.h */,
				258D3694157CA8DE0001E64E /* SettingsViewController.m */,
				258D369E157CAD910001E64E /* SettingsDetailViewController.h */,
				258D369F157CAD910001E64E /* SettingsDetailViewController.m */,
			);
			name = Settings;
			sourceTree = "<group>";
		};
		258D36A2157CADD30001E64E /* News */ = {
			isa = PBXGroup;
			children = (
				2595EAB61573FA9000CA27B3 /* NewsViewController.h */,
				2595EAB71573FA9000CA27B3 /* NewsViewController.m */,
				04F4CBD31578C3CB00A49037 /* NewsDetailViewController.h */,
				04F4CBD41578C3CB00A49037 /* NewsDetailViewController.m */,
			);
			name = News;
			sourceTree = "<group>";
		};
		2595EA8E1573FA9000CA27B3 = {
			isa = PBXGroup;
			children = (
				25092659158526A800BCF015 /* default@2x.png */,
				2509265A158526A800BCF015 /* default.png */,
				25D8AD7415791F2D0065C038 /* icon@2x.png */,
				25D8AD7215791F240065C038 /* icon.png */,
				2595EAA31573FA9000CA27B3 /* Grand Cercle */,
				2595EACF1573FA9000CA27B3 /* Grand CercleTests */,
				2595EA9C1573FA9000CA27B3 /* Frameworks */,
				2595EA9A1573FA9000CA27B3 /* Products */,
			);
			sourceTree = "<group>";
		};
		2595EA9A1573FA9000CA27B3 /* Products */ = {
			isa = PBXGroup;
			children = (
				2595EA991573FA9000CA27B3 /* Grand Cercle.app */,
				2595EAC81573FA9000CA27B3 /* Grand CercleTests.octest */,
			);
			name = Products;
			sourceTree = "<group>";
		};
		2595EA9C1573FA9000CA27B3 /* Frameworks */ = {
			isa = PBXGroup;
			children = (
				251FD48C157FFABD00F93E4F /* CoreData.framework */,
				251FD3F5157F910F00F93E4F /* SystemConfiguration.framework */,
				040404FA157D068D00157FD4 /* EventKit.framework */,
				25E0E29815751DC2009B8921 /* MapKit.framework */,
				25E0E29615751DBC009B8921 /* QuartzCore.framework */,
				25E0E29115751D5F009B8921 /* TapkuLibrary.bundle */,
				25E0E25415751735009B8921 /* TapkuLibrary.xcodeproj */,
				2595EA9D1573FA9000CA27B3 /* UIKit.framework */,
				2595EA9F1573FA9000CA27B3 /* Foundation.framework */,
				2595EAA11573FA9000CA27B3 /* CoreGraphics.framework */,
				2595EAC91573FA9000CA27B3 /* SenTestingKit.framework */,
			);
			name = Frameworks;
			sourceTree = "<group>";
		};
		2595EAA31573FA9000CA27B3 /* Grand Cercle */ = {
			isa = PBXGroup;
			children = (
				2595EAAC1573FA9000CA27B3 /* AppDelegate.h */,
				2595EAAD1573FA9000CA27B3 /* AppDelegate.m */,
				251FD432157FF74100F93E4F /* Models */,
				25F41CC0157AC76E002C15C3 /* Parser */,
				251FD3F1157F8E2100F93E4F /* NetworkReachability */,
				251FD3DF157F679C00F93E4F /* StyledPageControl */,
				255C8148157428A300E6ECC3 /* TBXML */,
				2595EAE11573FABD00CA27B3 /* UI */,
				2595EAE01573FAAB00CA27B3 /* images */,
				251FA64E157903E3005B7318 /* Events */,
				258D36A2157CADD30001E64E /* News */,
				040404F8157CDB6A00157FD4 /* Deals */,
				040404F9157CDBA100157FD4 /* Info */,
				258D36A1157CAD9B0001E64E /* Settings */,
				2595EAA41573FA9000CA27B3 /* Supporting Files */,
			);
			path = "Grand Cercle";
			sourceTree = "<group>";
		};
		2595EAA41573FA9000CA27B3 /* Supporting Files */ = {
			isa = PBXGroup;
			children = (
				255C809A15740E0100E6ECC3 /* Localizable.strings */,
				2595EAA51573FA9000CA27B3 /* Grand Cercle-Info.plist */,
				2595EAA61573FA9000CA27B3 /* InfoPlist.strings */,
				2595EAA91573FA9000CA27B3 /* main.m */,
				2595EAAB1573FA9000CA27B3 /* Grand Cercle-Prefix.pch */,
			);
			name = "Supporting Files";
			sourceTree = "<group>";
		};
		2595EACF1573FA9000CA27B3 /* Grand CercleTests */ = {
			isa = PBXGroup;
			children = (
				2595EAD51573FA9000CA27B3 /* Grand_CercleTests.h */,
				2595EAD61573FA9000CA27B3 /* Grand_CercleTests.m */,
				2595EAD01573FA9000CA27B3 /* Supporting Files */,
			);
			path = "Grand CercleTests";
			sourceTree = "<group>";
		};
		2595EAD01573FA9000CA27B3 /* Supporting Files */ = {
			isa = PBXGroup;
			children = (
				2595EAD11573FA9000CA27B3 /* Grand CercleTests-Info.plist */,
				2595EAD21573FA9000CA27B3 /* InfoPlist.strings */,
			);
			name = "Supporting Files";
			sourceTree = "<group>";
		};
		2595EAE01573FAAB00CA27B3 /* images */ = {
			isa = PBXGroup;
			children = (
				250926571585059100BCF015 /* events_bkgd2.png */,
				250926551585043900BCF015 /* events_bkgd.png */,
				2595EAE21574055200CA27B3 /* settings.png */,
				2595EAE31574055200CA27B3 /* settings@2x.png */,
				2595EAE41574055200CA27B3 /* news.png */,
				2595EAE51574055200CA27B3 /* infos.png */,
				2595EAE61574055200CA27B3 /* infos@2x.png */,
				2595EAE71574055200CA27B3 /* events.png */,
				2595EAE81574055200CA27B3 /* deals.png */,
				2595EAE91574055200CA27B3 /* deals@2x.png */,
			);
			name = images;
			sourceTree = "<group>";
		};
		2595EAE11573FABD00CA27B3 /* UI */ = {
			isa = PBXGroup;
			children = (
				251FA64F15790865005B7318 /* Events */,
				251FD3F8157F91D000F93E4F /* News */,
				251FD3F7157F91B600F93E4F /* Deals */,
				25FCD7241580F8E800815C1D /* InfosTopCell.xib */,
				25FCD7261580F94A00815C1D /* InfosDescriptionCell.xib */,
			);
			name = UI;
			sourceTree = "<group>";
		};
		25E0E25515751735009B8921 /* Products */ = {
			isa = PBXGroup;
			children = (
				25E0E25D15751736009B8921 /* libTapkuLibrary.a */,
				25E0E25F15751736009B8921 /* LogicTests.octest */,
			);
			name = Products;
			sourceTree = "<group>";
		};
		25F41CC0157AC76E002C15C3 /* Parser */ = {
			isa = PBXGroup;
			children = (
				255C8140157428A000E6ECC3 /* NewsParser.h */,
				255C813D157428A000E6ECC3 /* NewsParser.m */,
				047EB1F2157609D200F2F59B /* DealsParser.h */,
				047EB1F3157609D200F2F59B /* DealsParser.m */,
				0435F4931574F4B3009F23CD /* EventsParser.h */,
				0435F4941574F4B3009F23CD /* EventsParser.m */,
				258D36A7157CB12F0001E64E /* FilterParser.h */,
				258D36A5157CB1260001E64E /* FilterParser.m */,
			);
			name = Parser;
			sourceTree = "<group>";
		};
/* End PBXGroup section */

/* Begin PBXNativeTarget section */
		2595EA981573FA9000CA27B3 /* Grand Cercle */ = {
			isa = PBXNativeTarget;
			buildConfigurationList = 2595EADA1573FA9000CA27B3 /* Build configuration list for PBXNativeTarget "Grand Cercle" */;
			buildPhases = (
				2595EA951573FA9000CA27B3 /* Sources */,
				2595EA961573FA9000CA27B3 /* Frameworks */,
				2595EA971573FA9000CA27B3 /* Resources */,
			);
			buildRules = (
			);
			dependencies = (
				25E0E29415751DA1009B8921 /* PBXTargetDependency */,
			);
			name = "Grand Cercle";
			productName = "Grand Cercle";
			productReference = 2595EA991573FA9000CA27B3 /* Grand Cercle.app */;
			productType = "com.apple.product-type.application";
		};
		2595EAC71573FA9000CA27B3 /* Grand CercleTests */ = {
			isa = PBXNativeTarget;
			buildConfigurationList = 2595EADD1573FA9000CA27B3 /* Build configuration list for PBXNativeTarget "Grand CercleTests" */;
			buildPhases = (
				2595EAC31573FA9000CA27B3 /* Sources */,
				2595EAC41573FA9000CA27B3 /* Frameworks */,
				2595EAC51573FA9000CA27B3 /* Resources */,
				2595EAC61573FA9000CA27B3 /* ShellScript */,
			);
			buildRules = (
			);
			dependencies = (
				2595EACE1573FA9000CA27B3 /* PBXTargetDependency */,
			);
			name = "Grand CercleTests";
			productName = "Grand CercleTests";
			productReference = 2595EAC81573FA9000CA27B3 /* Grand CercleTests.octest */;
			productType = "com.apple.product-type.bundle";
		};
/* End PBXNativeTarget section */

/* Begin PBXProject section */
		2595EA901573FA9000CA27B3 /* Project object */ = {
			isa = PBXProject;
			attributes = {
				LastUpgradeCheck = 0430;
				ORGANIZATIONNAME = Ensimag;
			};
			buildConfigurationList = 2595EA931573FA9000CA27B3 /* Build configuration list for PBXProject "Grand Cercle" */;
			compatibilityVersion = "Xcode 3.2";
			developmentRegion = English;
			hasScannedForEncodings = 0;
			knownRegions = (
				en,
			);
			mainGroup = 2595EA8E1573FA9000CA27B3;
			productRefGroup = 2595EA9A1573FA9000CA27B3 /* Products */;
			projectDirPath = "";
			projectReferences = (
				{
					ProductGroup = 25E0E25515751735009B8921 /* Products */;
					ProjectRef = 25E0E25415751735009B8921 /* TapkuLibrary.xcodeproj */;
				},
			);
			projectRoot = "";
			targets = (
				2595EA981573FA9000CA27B3 /* Grand Cercle */,
				2595EAC71573FA9000CA27B3 /* Grand CercleTests */,
			);
		};
/* End PBXProject section */

/* Begin PBXReferenceProxy section */
		25E0E25D15751736009B8921 /* libTapkuLibrary.a */ = {
			isa = PBXReferenceProxy;
			fileType = archive.ar;
			path = libTapkuLibrary.a;
			remoteRef = 25E0E25C15751736009B8921 /* PBXContainerItemProxy */;
			sourceTree = BUILT_PRODUCTS_DIR;
		};
		25E0E25F15751736009B8921 /* LogicTests.octest */ = {
			isa = PBXReferenceProxy;
			fileType = wrapper.cfbundle;
			path = LogicTests.octest;
			remoteRef = 25E0E25E15751736009B8921 /* PBXContainerItemProxy */;
			sourceTree = BUILT_PRODUCTS_DIR;
		};
/* End PBXReferenceProxy section */

/* Begin PBXResourcesBuildPhase section */
		2595EA971573FA9000CA27B3 /* Resources */ = {
			isa = PBXResourcesBuildPhase;
			buildActionMask = 2147483647;
			files = (
				2595EAA81573FA9000CA27B3 /* InfoPlist.strings in Resources */,
				2595EABF1573FA9000CA27B3 /* EventsViewController.xib in Resources */,
				2595EAC21573FA9000CA27B3 /* NewsViewController.xib in Resources */,
				2595EAEA1574055200CA27B3 /* settings.png in Resources */,
				2595EAEB1574055200CA27B3 /* settings@2x.png in Resources */,
				2595EAEC1574055200CA27B3 /* news.png in Resources */,
				2595EAED1574055200CA27B3 /* infos.png in Resources */,
				2595EAEE1574055200CA27B3 /* infos@2x.png in Resources */,
				2595EAEF1574055200CA27B3 /* events.png in Resources */,
				2595EAF01574055200CA27B3 /* deals.png in Resources */,
				2595EAF11574055200CA27B3 /* deals@2x.png in Resources */,
				255C809C15740E0100E6ECC3 /* Localizable.strings in Resources */,
				255C80A415740EE900E6ECC3 /* DealsViewController.xib in Resources */,
				255C80AB157411AD00E6ECC3 /* NewsCell.xib in Resources */,
				25E0E29215751D5F009B8921 /* TapkuLibrary.bundle in Resources */,
				047EB1DB1575383800F2F59B /* EventTopCell.xib in Resources */,
				047EB1F615761A7300F2F59B /* DealCell.xib in Resources */,
				256217401576A2AC00667661 /* EventCell.xib in Resources */,
				04060ABD1577AF6700852A3D /* EventsTableViewController.xib in Resources */,
				25ECD56215777F81006E4652 /* EventSmallCell.xib in Resources */,
				04F4CBD21578B6C400A49037 /* DescriptionCell.xib in Resources */,
				04F4CBD71578C58000A49037 /* NewsDescriptionCell.xib in Resources */,
				04F4CBD91578C73300A49037 /* NewsTopCell.xib in Resources */,
				25D8AD7315791F240065C038 /* icon.png in Resources */,
				25D8AD7515791F2D0065C038 /* icon@2x.png in Resources */,
				04F4CBE2157915C200A49037 /* EventFourNextViewController.xib in Resources */,
				04D8263E157CBBFD0049A41C /* DealsTopCell.xib in Resources */,
				040404F7157CD8CD00157FD4 /* DealsDescriptionCell.xib in Resources */,
				258D370D157E29930001E64E /* EventInfoCell.xib in Resources */,
				25FCD7251580F8E800815C1D /* InfosTopCell.xib in Resources */,
				25FCD7271580F94A00815C1D /* InfosDescriptionCell.xib in Resources */,
				250926561585043900BCF015 /* events_bkgd.png in Resources */,
				250926581585059100BCF015 /* events_bkgd2.png in Resources */,
				2509265B158526A800BCF015 /* default@2x.png in Resources */,
				2509265C158526A800BCF015 /* default.png in Resources */,
			);
			runOnlyForDeploymentPostprocessing = 0;
		};
		2595EAC51573FA9000CA27B3 /* Resources */ = {
			isa = PBXResourcesBuildPhase;
			buildActionMask = 2147483647;
			files = (
				2595EAD41573FA9000CA27B3 /* InfoPlist.strings in Resources */,
			);
			runOnlyForDeploymentPostprocessing = 0;
		};
/* End PBXResourcesBuildPhase section */

/* Begin PBXShellScriptBuildPhase section */
		2595EAC61573FA9000CA27B3 /* ShellScript */ = {
			isa = PBXShellScriptBuildPhase;
			buildActionMask = 2147483647;
			files = (
			);
			inputPaths = (
			);
			outputPaths = (
			);
			runOnlyForDeploymentPostprocessing = 0;
			shellPath = /bin/sh;
			shellScript = "# Run the unit tests in this test bundle.\n\"${SYSTEM_DEVELOPER_DIR}/Tools/RunUnitTests\"\n";
		};
/* End PBXShellScriptBuildPhase section */

/* Begin PBXSourcesBuildPhase section */
		2595EA951573FA9000CA27B3 /* Sources */ = {
			isa = PBXSourcesBuildPhase;
			buildActionMask = 2147483647;
			files = (
				2595EAAA1573FA9000CA27B3 /* main.m in Sources */,
				2595EAAE1573FA9000CA27B3 /* AppDelegate.m in Sources */,
				2595EAB11573FA9000CA27B3 /* EventsViewController.m in Sources */,
				2595EAB81573FA9000CA27B3 /* NewsViewController.m in Sources */,
				2595EAF8157405EB00CA27B3 /* DealsViewController.m in Sources */,
				255C8144157428A000E6ECC3 /* TBXML.m in Sources */,
				255C8145157428A000E6ECC3 /* NewsParser.m in Sources */,
				255C8146157428A000E6ECC3 /* News.m in Sources */,
				255C8147157428A000E6ECC3 /* TBXML+HTTP.m in Sources */,
				0435F4891574EF29009F23CD /* NSString+HTML.m in Sources */,
				0435F48D1574EFF3009F23CD /* GTMNSString+HTML.m in Sources */,
				0435F4901574F2E7009F23CD /* Items.m in Sources */,
				0435F4951574F4B3009F23CD /* Events.m in Sources */,
				0435F4961574F4B3009F23CD /* EventsParser.m in Sources */,
				25D7C0FE15760BDB00C2B988 /* EventsTableViewController.m in Sources */,
				047EB1F11576099400F2F59B /* Deals.m in Sources */,
				047EB1F4157609D200F2F59B /* DealsParser.m in Sources */,
				04060AC01577B50B00852A3D /* EventDetailViewController.m in Sources */,
				25ECD56015775F2A006E4652 /* EventsCalendarViewController.m in Sources */,
				04F4CBD51578C3CB00A49037 /* NewsDetailViewController.m in Sources */,
				04F4CBE1157915C200A49037 /* EventFourNextViewController.m in Sources */,
				258D3695157CA8DE0001E64E /* SettingsViewController.m in Sources */,
				258D36A0157CAD910001E64E /* SettingsDetailViewController.m in Sources */,
				258D36A6157CB1260001E64E /* FilterParser.m in Sources */,
				04D8263C157CB7980049A41C /* DealsDetailViewController.m in Sources */,
				258D371E157F60DD0001E64E /* StyledPageControl.m in Sources */,
				251FD3F4157F8E7E00F93E4F /* Reachability.m in Sources */,
				25D13CEA1580EF1B006A4F0C /* InfosViewController.m in Sources */,
			);
			runOnlyForDeploymentPostprocessing = 0;
		};
		2595EAC31573FA9000CA27B3 /* Sources */ = {
			isa = PBXSourcesBuildPhase;
			buildActionMask = 2147483647;
			files = (
				2595EAD71573FA9000CA27B3 /* Grand_CercleTests.m in Sources */,
			);
			runOnlyForDeploymentPostprocessing = 0;
		};
/* End PBXSourcesBuildPhase section */

/* Begin PBXTargetDependency section */
		2595EACE1573FA9000CA27B3 /* PBXTargetDependency */ = {
			isa = PBXTargetDependency;
			target = 2595EA981573FA9000CA27B3 /* Grand Cercle */;
			targetProxy = 2595EACD1573FA9000CA27B3 /* PBXContainerItemProxy */;
		};
		25E0E29415751DA1009B8921 /* PBXTargetDependency */ = {
			isa = PBXTargetDependency;
			name = TapkuLibrary;
			targetProxy = 25E0E29315751DA1009B8921 /* PBXContainerItemProxy */;
		};
/* End PBXTargetDependency section */

/* Begin PBXVariantGroup section */
		255C809A15740E0100E6ECC3 /* Localizable.strings */ = {
			isa = PBXVariantGroup;
			children = (
				255C809B15740E0100E6ECC3 /* en */,
			);
			name = Localizable.strings;
			path = ..;
			sourceTree = "<group>";
		};
		255C809E15740EE900E6ECC3 /* DealsViewController.xib */ = {
			isa = PBXVariantGroup;
			children = (
				255C809F15740EE900E6ECC3 /* en */,
			);
			name = DealsViewController.xib;
			sourceTree = "<group>";
		};
		2562173E1576A2AC00667661 /* EventCell.xib */ = {
			isa = PBXVariantGroup;
			children = (
				2562173F1576A2AC00667661 /* en */,
			);
			name = EventCell.xib;
			sourceTree = "<group>";
		};
		2595EAA61573FA9000CA27B3 /* InfoPlist.strings */ = {
			isa = PBXVariantGroup;
			children = (
				2595EAA71573FA9000CA27B3 /* en */,
			);
			name = InfoPlist.strings;
			sourceTree = "<group>";
		};
		2595EABD1573FA9000CA27B3 /* EventsViewController.xib */ = {
			isa = PBXVariantGroup;
			children = (
				2595EABE1573FA9000CA27B3 /* en */,
			);
			name = EventsViewController.xib;
			sourceTree = "<group>";
		};
		2595EAC01573FA9000CA27B3 /* NewsViewController.xib */ = {
			isa = PBXVariantGroup;
			children = (
				2595EAC11573FA9000CA27B3 /* en */,
			);
			name = NewsViewController.xib;
			sourceTree = "<group>";
		};
		2595EAD21573FA9000CA27B3 /* InfoPlist.strings */ = {
			isa = PBXVariantGroup;
			children = (
				2595EAD31573FA9000CA27B3 /* en */,
			);
			name = InfoPlist.strings;
			sourceTree = "<group>";
		};
/* End PBXVariantGroup section */

/* Begin XCBuildConfiguration section */
		2595EAD81573FA9000CA27B3 /* Debug */ = {
			isa = XCBuildConfiguration;
			buildSettings = {
				ALWAYS_SEARCH_USER_PATHS = NO;
				ARCHS = "$(ARCHS_STANDARD_32_BIT)";
				CODE_SIGN_IDENTITY = "iPhone Developer: Luiza Cicone (C9MN9UWWVM)";
				"CODE_SIGN_IDENTITY[sdk=iphoneos*]" = "iPhone Developer";
				COPY_PHASE_STRIP = NO;
				GCC_C_LANGUAGE_STANDARD = gnu99;
				GCC_DYNAMIC_NO_PIC = NO;
				GCC_OPTIMIZATION_LEVEL = 0;
				GCC_PREPROCESSOR_DEFINITIONS = (
					"DEBUG=1",
					"$(inherited)",
				);
				GCC_SYMBOLS_PRIVATE_EXTERN = NO;
				GCC_VERSION = "";
				GCC_WARN_ABOUT_RETURN_TYPE = YES;
				GCC_WARN_UNINITIALIZED_AUTOS = YES;
				GCC_WARN_UNUSED_VARIABLE = YES;
				IPHONEOS_DEPLOYMENT_TARGET = 4.3;
				PROVISIONING_PROFILE = "";
				SDKROOT = iphoneos;
			};
			name = Debug;
		};
		2595EAD91573FA9000CA27B3 /* Release */ = {
			isa = XCBuildConfiguration;
			buildSettings = {
				ALWAYS_SEARCH_USER_PATHS = NO;
				ARCHS = "$(ARCHS_STANDARD_32_BIT)";
				CODE_SIGN_IDENTITY = "iPhone Developer: Luiza Cicone (C9MN9UWWVM)";
				"CODE_SIGN_IDENTITY[sdk=iphoneos*]" = "iPhone Developer";
				COPY_PHASE_STRIP = YES;
				GCC_C_LANGUAGE_STANDARD = gnu99;
				GCC_VERSION = "";
				GCC_WARN_ABOUT_RETURN_TYPE = YES;
				GCC_WARN_UNINITIALIZED_AUTOS = YES;
				GCC_WARN_UNUSED_VARIABLE = YES;
				IPHONEOS_DEPLOYMENT_TARGET = 4.3;
				OTHER_CFLAGS = "-DNS_BLOCK_ASSERTIONS=1";
				PROVISIONING_PROFILE = "";
				SDKROOT = iphoneos;
				VALIDATE_PRODUCT = YES;
			};
			name = Release;
		};
		2595EADB1573FA9000CA27B3 /* Debug */ = {
			isa = XCBuildConfiguration;
			buildSettings = {
				CODE_SIGN_IDENTITY = "iPhone Developer: Luiza Cicone (C9MN9UWWVM)";
				GCC_PRECOMPILE_PREFIX_HEADER = YES;
				GCC_PREFIX_HEADER = "Grand Cercle/Grand Cercle-Prefix.pch";
				HEADER_SEARCH_PATHS = ../tapkulibrary/src/;
				INFOPLIST_FILE = "Grand Cercle/Grand Cercle-Info.plist";
				IPHONEOS_DEPLOYMENT_TARGET = 4.2;
				OTHER_LDFLAGS = (
					"-all_load",
					"-fobjc-arc",
					"-ObjC",
				);
				PRODUCT_NAME = "$(TARGET_NAME)";
				PROVISIONING_PROFILE = "5D716423-6750-4C7E-B441-4B5E2EB1A4E7";
				SDKROOT = iphoneos;
				WRAPPER_EXTENSION = app;
			};
			name = Debug;
		};
		2595EADC1573FA9000CA27B3 /* Release */ = {
			isa = XCBuildConfiguration;
			buildSettings = {
				CODE_SIGN_IDENTITY = "iPhone Developer: Luiza Cicone (C9MN9UWWVM)";
				GCC_PRECOMPILE_PREFIX_HEADER = YES;
				GCC_PREFIX_HEADER = "Grand Cercle/Grand Cercle-Prefix.pch";
				HEADER_SEARCH_PATHS = ../tapkulibrary/src/;
				INFOPLIST_FILE = "Grand Cercle/Grand Cercle-Info.plist";
				IPHONEOS_DEPLOYMENT_TARGET = 4.2;
				OTHER_LDFLAGS = (
					"-all_load",
					"-fobjc-arc",
					"-ObjC",
				);
				PRODUCT_NAME = "$(TARGET_NAME)";
				PROVISIONING_PROFILE = "5D716423-6750-4C7E-B441-4B5E2EB1A4E7";
				SDKROOT = iphoneos;
				WRAPPER_EXTENSION = app;
			};
			name = Release;
		};
		2595EADE1573FA9000CA27B3 /* Debug */ = {
			isa = XCBuildConfiguration;
			buildSettings = {
				BUNDLE_LOADER = "$(BUILT_PRODUCTS_DIR)/Grand Cercle.app/Grand Cercle";
				FRAMEWORK_SEARCH_PATHS = (
					"$(SDKROOT)/Developer/Library/Frameworks",
					"$(DEVELOPER_LIBRARY_DIR)/Frameworks",
				);
				GCC_PRECOMPILE_PREFIX_HEADER = YES;
				GCC_PREFIX_HEADER = "Grand Cercle/Grand Cercle-Prefix.pch";
				INFOPLIST_FILE = "Grand CercleTests/Grand CercleTests-Info.plist";
				PRODUCT_NAME = "$(TARGET_NAME)";
				TEST_HOST = "$(BUNDLE_LOADER)";
				WRAPPER_EXTENSION = octest;
			};
			name = Debug;
		};
		2595EADF1573FA9000CA27B3 /* Release */ = {
			isa = XCBuildConfiguration;
			buildSettings = {
				BUNDLE_LOADER = "$(BUILT_PRODUCTS_DIR)/Grand Cercle.app/Grand Cercle";
				FRAMEWORK_SEARCH_PATHS = (
					"$(SDKROOT)/Developer/Library/Frameworks",
					"$(DEVELOPER_LIBRARY_DIR)/Frameworks",
				);
				GCC_PRECOMPILE_PREFIX_HEADER = YES;
				GCC_PREFIX_HEADER = "Grand Cercle/Grand Cercle-Prefix.pch";
				INFOPLIST_FILE = "Grand CercleTests/Grand CercleTests-Info.plist";
				PRODUCT_NAME = "$(TARGET_NAME)";
				TEST_HOST = "$(BUNDLE_LOADER)";
				WRAPPER_EXTENSION = octest;
			};
			name = Release;
		};
/* End XCBuildConfiguration section */

/* Begin XCConfigurationList section */
		2595EA931573FA9000CA27B3 /* Build configuration list for PBXProject "Grand Cercle" */ = {
			isa = XCConfigurationList;
			buildConfigurations = (
				2595EAD81573FA9000CA27B3 /* Debug */,
				2595EAD91573FA9000CA27B3 /* Release */,
			);
			defaultConfigurationIsVisible = 0;
			defaultConfigurationName = Release;
		};
		2595EADA1573FA9000CA27B3 /* Build configuration list for PBXNativeTarget "Grand Cercle" */ = {
			isa = XCConfigurationList;
			buildConfigurations = (
				2595EADB1573FA9000CA27B3 /* Debug */,
				2595EADC1573FA9000CA27B3 /* Release */,
			);
			defaultConfigurationIsVisible = 0;
			defaultConfigurationName = Release;
		};
		2595EADD1573FA9000CA27B3 /* Build configuration list for PBXNativeTarget "Grand CercleTests" */ = {
			isa = XCConfigurationList;
			buildConfigurations = (
				2595EADE1573FA9000CA27B3 /* Debug */,
				2595EADF1573FA9000CA27B3 /* Release */,
			);
			defaultConfigurationIsVisible = 0;
			defaultConfigurationName = Release;
		};
/* End XCConfigurationList section */
	};
	rootObject = 2595EA901573FA9000CA27B3 /* Project object */;
}
