// !$*UTF8*$!
{
	archiveVersion = 1;
	classes = {
	};
	objectVersion = 46;
	objects = {

/* Begin PBXBuildFile section */
		04060ABD1577AF6700852A3D /* EventsTableViewController.xib in Resources */ = {isa = PBXBuildFile; fileRef = 04060ABC1577AF6700852A3D /* EventsTableViewController.xib */; };
		04060AC01577B50B00852A3D /* EventDetailViewController.m in Sources */ = {isa = PBXBuildFile; fileRef = 04060ABF1577B50B00852A3D /* EventDetailViewController.m */; };
		0435F4891574EF29009F23CD /* NSString+HTML.m in Sources */ = {isa = PBXBuildFile; fileRef = 0435F4881574EF29009F23CD /* NSString+HTML.m */; };
		0435F48D1574EFF3009F23CD /* GTMNSString+HTML.m in Sources */ = {isa = PBXBuildFile; fileRef = 0435F48C1574EFF3009F23CD /* GTMNSString+HTML.m */; };
		0435F4901574F2E7009F23CD /* Items.m in Sources */ = {isa = PBXBuildFile; fileRef = 0435F48F1574F2E7009F23CD /* Items.m */; };
		0435F4951574F4B3009F23CD /* Evenements.m in Sources */ = {isa = PBXBuildFile; fileRef = 0435F4921574F4B3009F23CD /* Evenements.m */; };
		0435F4961574F4B3009F23CD /* EvenementsParser.m in Sources */ = {isa = PBXBuildFile; fileRef = 0435F4941574F4B3009F23CD /* EvenementsParser.m */; };
		047EB1DB1575383800F2F59B /* EventTopCell.xib in Resources */ = {isa = PBXBuildFile; fileRef = 047EB1DA1575383800F2F59B /* EventTopCell.xib */; };
		047EB1F11576099400F2F59B /* BonsPlans.m in Sources */ = {isa = PBXBuildFile; fileRef = 047EB1F01576099400F2F59B /* BonsPlans.m */; };
		047EB1F4157609D200F2F59B /* BonsPlansParser.m in Sources */ = {isa = PBXBuildFile; fileRef = 047EB1F3157609D200F2F59B /* BonsPlansParser.m */; };
		047EB1F615761A7300F2F59B /* DealCell.xib in Resources */ = {isa = PBXBuildFile; fileRef = 047EB1F515761A7300F2F59B /* DealCell.xib */; };
		04F4CBD21578B6C400A49037 /* DescriptionCell.xib in Resources */ = {isa = PBXBuildFile; fileRef = 04F4CBD11578B6C400A49037 /* DescriptionCell.xib */; };
		04F4CBD51578C3CB00A49037 /* NewsDetailViewController.m in Sources */ = {isa = PBXBuildFile; fileRef = 04F4CBD41578C3CB00A49037 /* NewsDetailViewController.m */; };
		04F4CBD71578C58000A49037 /* NewsDescription.xib in Resources */ = {isa = PBXBuildFile; fileRef = 04F4CBD61578C58000A49037 /* NewsDescription.xib */; };
		04F4CBD91578C73300A49037 /* NewsTopCell.xib in Resources */ = {isa = PBXBuildFile; fileRef = 04F4CBD81578C73300A49037 /* NewsTopCell.xib */; };
		04F4CBE1157915C200A49037 /* EventFourNextViewController.m in Sources */ = {isa = PBXBuildFile; fileRef = 04F4CBDF157915C000A49037 /* EventFourNextViewController.m */; };
		04F4CBE2157915C200A49037 /* EventFourNextViewController.xib in Resources */ = {isa = PBXBuildFile; fileRef = 04F4CBE0157915C200A49037 /* EventFourNextViewController.xib */; };
		255C809C15740E0100E6ECC3 /* Localizable.strings in Resources */ = {isa = PBXBuildFile; fileRef = 255C809A15740E0100E6ECC3 /* Localizable.strings */; };
		255C80A415740EE900E6ECC3 /* DealsViewController.xib in Resources */ = {isa = PBXBuildFile; fileRef = 255C809E15740EE900E6ECC3 /* DealsViewController.xib */; };
		255C80A515740EE900E6ECC3 /* InfosViewController.xib in Resources */ = {isa = PBXBuildFile; fileRef = 255C80A015740EE900E6ECC3 /* InfosViewController.xib */; };
		255C80A615740EE900E6ECC3 /* SettingsViewController.xib in Resources */ = {isa = PBXBuildFile; fileRef = 255C80A215740EE900E6ECC3 /* SettingsViewController.xib */; };
		255C80AB157411AD00E6ECC3 /* NewsCell.xib in Resources */ = {isa = PBXBuildFile; fileRef = 255C80AA157411AD00E6ECC3 /* NewsCell.xib */; };
		255C8144157428A000E6ECC3 /* TBXML.m in Sources */ = {isa = PBXBuildFile; fileRef = 255C813C157428A000E6ECC3 /* TBXML.m */; };
		255C8145157428A000E6ECC3 /* NewsParser.m in Sources */ = {isa = PBXBuildFile; fileRef = 255C813D157428A000E6ECC3 /* NewsParser.m */; };
		255C8146157428A000E6ECC3 /* News.m in Sources */ = {isa = PBXBuildFile; fileRef = 255C813F157428A000E6ECC3 /* News.m */; };
		255C8147157428A000E6ECC3 /* TBXML+HTTP.m in Sources */ = {isa = PBXBuildFile; fileRef = 255C8141157428A000E6ECC3 /* TBXML+HTTP.m */; };
		256217401576A2AC00667661 /* EventCell.xib in Resources */ = {isa = PBXBuildFile; fileRef = 2562173E1576A2AC00667661 /* EventCell.xib */; };
		2595EA9E1573FA9000CA27B3 /* UIKit.framework in Frameworks */ = {isa = PBXBuildFile; fileRef = 2595EA9D1573FA9000CA27B3 /* UIKit.framework */; };
		2595EAA01573FA9000CA27B3 /* Foundation.framework in Frameworks */ = {isa = PBXBuildFile; fileRef = 2595EA9F1573FA9000CA27B3 /* Foundation.framework */; };
		2595EAA21573FA9000CA27B3 /* CoreGraphics.framework in Frameworks */ = {isa = PBXBuildFile; fileRef = 2595EAA11573FA9000CA27B3 /* CoreGraphics.framework */; };
		2595EAA81573FA9000CA27B3 /* InfoPlist.strings in Resources */ = {isa = PBXBuildFile; fileRef = 2595EAA61573FA9000CA27B3 /* InfoPlist.strings */; };
		2595EAAA1573FA9000CA27B3 /* main.m in Sources */ = {isa = PBXBuildFile; fileRef = 2595EAA91573FA9000CA27B3 /* main.m */; };
		2595EAAE1573FA9000CA27B3 /* AppDelegate.m in Sources */ = {isa = PBXBuildFile; fileRef = 2595EAAD1573FA9000CA27B3 /* AppDelegate.m */; };
		2595EAB11573FA9000CA27B3 /* EventsViewController.m in Sources */ = {isa = PBXBuildFile; fileRef = 2595EAB01573FA9000CA27B3 /* EventsViewController.m */; };
		2595EAB81573FA9000CA27B3 /* NewsViewController.m in Sources */ = {isa = PBXBuildFile; fileRef = 2595EAB71573FA9000CA27B3 /* NewsViewController.m */; };
		2595EABF1573FA9000CA27B3 /* EventsViewController.xib in Resources */ = {isa = PBXBuildFile; fileRef = 2595EABD1573FA9000CA27B3 /* EventsViewController.xib */; };
		2595EAC21573FA9000CA27B3 /* NewsViewController.xib in Resources */ = {isa = PBXBuildFile; fileRef = 2595EAC01573FA9000CA27B3 /* NewsViewController.xib */; };
		2595EACA1573FA9000CA27B3 /* SenTestingKit.framework in Frameworks */ = {isa = PBXBuildFile; fileRef = 2595EAC91573FA9000CA27B3 /* SenTestingKit.framework */; };
		2595EACB1573FA9000CA27B3 /* UIKit.framework in Frameworks */ = {isa = PBXBuildFile; fileRef = 2595EA9D1573FA9000CA27B3 /* UIKit.framework */; };
		2595EACC1573FA9000CA27B3 /* Foundation.framework in Frameworks */ = {isa = PBXBuildFile; fileRef = 2595EA9F1573FA9000CA27B3 /* Foundation.framework */; };
		2595EAD41573FA9000CA27B3 /* InfoPlist.strings in Resources */ = {isa = PBXBuildFile; fileRef = 2595EAD21573FA9000CA27B3 /* InfoPlist.strings */; };
		2595EAD71573FA9000CA27B3 /* Grand_CercleTests.m in Sources */ = {isa = PBXBuildFile; fileRef = 2595EAD61573FA9000CA27B3 /* Grand_CercleTests.m */; };
		2595EAEA1574055200CA27B3 /* settings.png in Resources */ = {isa = PBXBuildFile; fileRef = 2595EAE21574055200CA27B3 /* settings.png */; };
		2595EAEB1574055200CA27B3 /* settings@2x.png in Resources */ = {isa = PBXBuildFile; fileRef = 2595EAE31574055200CA27B3 /* settings@2x.png */; };
		2595EAEC1574055200CA27B3 /* news.png in Resources */ = {isa = PBXBuildFile; fileRef = 2595EAE41574055200CA27B3 /* news.png */; };
		2595EAED1574055200CA27B3 /* infos.png in Resources */ = {isa = PBXBuildFile; fileRef = 2595EAE51574055200CA27B3 /* infos.png */; };
		2595EAEE1574055200CA27B3 /* infos@2x.png in Resources */ = {isa = PBXBuildFile; fileRef = 2595EAE61574055200CA27B3 /* infos@2x.png */; };
		2595EAEF1574055200CA27B3 /* events.png in Resources */ = {isa = PBXBuildFile; fileRef = 2595EAE71574055200CA27B3 /* events.png */; };
		2595EAF01574055200CA27B3 /* deals.png in Resources */ = {isa = PBXBuildFile; fileRef = 2595EAE81574055200CA27B3 /* deals.png */; };
		2595EAF11574055200CA27B3 /* deals@2x.png in Resources */ = {isa = PBXBuildFile; fileRef = 2595EAE91574055200CA27B3 /* deals@2x.png */; };
		2595EAF8157405EB00CA27B3 /* DealsViewController.m in Sources */ = {isa = PBXBuildFile; fileRef = 2595EAF3157405EB00CA27B3 /* DealsViewController.m */; };
		2595EAF9157405EB00CA27B3 /* InfosViewController.m in Sources */ = {isa = PBXBuildFile; fileRef = 2595EAF5157405EB00CA27B3 /* InfosViewController.m */; };
		2595EAFA157405EB00CA27B3 /* SettingsViewController.m in Sources */ = {isa = PBXBuildFile; fileRef = 2595EAF7157405EB00CA27B3 /* SettingsViewController.m */; };
		25D7C0FE15760BDB00C2B988 /* EventsTableViewController.m in Sources */ = {isa = PBXBuildFile; fileRef = 25D7C0FD15760BDB00C2B988 /* EventsTableViewController.m */; };
		25E0E29215751D5F009B8921 /* TapkuLibrary.bundle in Resources */ = {isa = PBXBuildFile; fileRef = 25E0E29115751D5F009B8921 /* TapkuLibrary.bundle */; };
		25E0E29515751DB0009B8921 /* libTapkuLibrary.a in Frameworks */ = {isa = PBXBuildFile; fileRef = 25E0E25D15751736009B8921 /* libTapkuLibrary.a */; };
		25E0E29715751DBC009B8921 /* QuartzCore.framework in Frameworks */ = {isa = PBXBuildFile; fileRef = 25E0E29615751DBC009B8921 /* QuartzCore.framework */; };
		25E0E29915751DC2009B8921 /* MapKit.framework in Frameworks */ = {isa = PBXBuildFile; fileRef = 25E0E29815751DC2009B8921 /* MapKit.framework */; };
		25ECD56015775F2A006E4652 /* EventsCalendarViewController.m in Sources */ = {isa = PBXBuildFile; fileRef = 25ECD55F15775F2A006E4652 /* EventsCalendarViewController.m */; };
		25ECD56215777F81006E4652 /* EventSmallCell.xib in Resources */ = {isa = PBXBuildFile; fileRef = 25ECD56115777F81006E4652 /* EventSmallCell.xib */; };
/* End PBXBuildFile section */

/* Begin PBXContainerItemProxy section */
		2595EACD1573FA9000CA27B3 /* PBXContainerItemProxy */ = {
			isa = PBXContainerItemProxy;
			containerPortal = 2595EA901573FA9000CA27B3 /* Project object */;
			proxyType = 1;
			remoteGlobalIDString = 2595EA981573FA9000CA27B3;
			remoteInfo = "Grand Cercle";
		};
		25E0E25C15751736009B8921 /* PBXContainerItemProxy */ = {
			isa = PBXContainerItemProxy;
			containerPortal = 25E0E25415751735009B8921 /* TapkuLibrary.xcodeproj */;
			proxyType = 2;
			remoteGlobalIDString = D2AAC07E0554694100DB518D;
			remoteInfo = TapkuLibrary;
		};
		25E0E25E15751736009B8921 /* PBXContainerItemProxy */ = {
			isa = PBXContainerItemProxy;
			containerPortal = 25E0E25415751735009B8921 /* TapkuLibrary.xcodeproj */;
			proxyType = 2;
			remoteGlobalIDString = 3B45DDF1134C736600D24C1A;
			remoteInfo = LogicTests;
		};
		25E0E29315751DA1009B8921 /* PBXContainerItemProxy */ = {
			isa = PBXContainerItemProxy;
			containerPortal = 25E0E25415751735009B8921 /* TapkuLibrary.xcodeproj */;
			proxyType = 1;
			remoteGlobalIDString = D2AAC07D0554694100DB518D;
			remoteInfo = TapkuLibrary;
		};
/* End PBXContainerItemProxy section */

/* Begin PBXFileReference section */
		04060ABC1577AF6700852A3D /* EventsTableViewController.xib */ = {isa = PBXFileReference; fileEncoding = 4; lastKnownFileType = file.xib; path = EventsTableViewController.xib; sourceTree = "<group>"; };
		04060ABE1577B50B00852A3D /* EventDetailViewController.h */ = {isa = PBXFileReference; fileEncoding = 4; lastKnownFileType = sourcecode.c.h; name = EventDetailViewController.h; path = ../EventDetailViewController.h; sourceTree = "<group>"; };
		04060ABF1577B50B00852A3D /* EventDetailViewController.m */ = {isa = PBXFileReference; fileEncoding = 4; lastKnownFileType = sourcecode.c.objc; name = EventDetailViewController.m; path = ../EventDetailViewController.m; sourceTree = "<group>"; };
		0435F4871574EF29009F23CD /* NSString+HTML.h */ = {isa = PBXFileReference; fileEncoding = 4; lastKnownFileType = sourcecode.c.h; path = "NSString+HTML.h"; sourceTree = "<group>"; };
		0435F4881574EF29009F23CD /* NSString+HTML.m */ = {isa = PBXFileReference; fileEncoding = 4; lastKnownFileType = sourcecode.c.objc; path = "NSString+HTML.m"; sourceTree = "<group>"; };
		0435F48B1574EFF3009F23CD /* GTMNSString+HTML.h */ = {isa = PBXFileReference; fileEncoding = 4; lastKnownFileType = sourcecode.c.h; path = "GTMNSString+HTML.h"; sourceTree = "<group>"; };
		0435F48C1574EFF3009F23CD /* GTMNSString+HTML.m */ = {isa = PBXFileReference; fileEncoding = 4; lastKnownFileType = sourcecode.c.objc; path = "GTMNSString+HTML.m"; sourceTree = "<group>"; };
		0435F48E1574F2E7009F23CD /* Items.h */ = {isa = PBXFileReference; fileEncoding = 4; lastKnownFileType = sourcecode.c.h; path = Items.h; sourceTree = "<group>"; };
		0435F48F1574F2E7009F23CD /* Items.m */ = {isa = PBXFileReference; fileEncoding = 4; lastKnownFileType = sourcecode.c.objc; path = Items.m; sourceTree = "<group>"; };
		0435F4911574F4B3009F23CD /* Evenements.h */ = {isa = PBXFileReference; fileEncoding = 4; lastKnownFileType = sourcecode.c.h; path = Evenements.h; sourceTree = "<group>"; };
		0435F4921574F4B3009F23CD /* Evenements.m */ = {isa = PBXFileReference; fileEncoding = 4; lastKnownFileType = sourcecode.c.objc; path = Evenements.m; sourceTree = "<group>"; };
		0435F4931574F4B3009F23CD /* EvenementsParser.h */ = {isa = PBXFileReference; fileEncoding = 4; lastKnownFileType = sourcecode.c.h; path = EvenementsParser.h; sourceTree = "<group>"; };
		0435F4941574F4B3009F23CD /* EvenementsParser.m */ = {isa = PBXFileReference; fileEncoding = 4; lastKnownFileType = sourcecode.c.objc; path = EvenementsParser.m; sourceTree = "<group>"; };
		047EB1DA1575383800F2F59B /* EventTopCell.xib */ = {isa = PBXFileReference; fileEncoding = 4; lastKnownFileType = file.xib; path = EventTopCell.xib; sourceTree = "<group>"; };
		047EB1EF1576099400F2F59B /* BonsPlans.h */ = {isa = PBXFileReference; fileEncoding = 4; lastKnownFileType = sourcecode.c.h; path = BonsPlans.h; sourceTree = "<group>"; };
		047EB1F01576099400F2F59B /* BonsPlans.m */ = {isa = PBXFileReference; fileEncoding = 4; lastKnownFileType = sourcecode.c.objc; path = BonsPlans.m; sourceTree = "<group>"; };
		047EB1F2157609D200F2F59B /* BonsPlansParser.h */ = {isa = PBXFileReference; fileEncoding = 4; lastKnownFileType = sourcecode.c.h; path = BonsPlansParser.h; sourceTree = "<group>"; };
		047EB1F3157609D200F2F59B /* BonsPlansParser.m */ = {isa = PBXFileReference; fileEncoding = 4; lastKnownFileType = sourcecode.c.objc; path = BonsPlansParser.m; sourceTree = "<group>"; };
		047EB1F515761A7300F2F59B /* DealCell.xib */ = {isa = PBXFileReference; fileEncoding = 4; lastKnownFileType = file.xib; path = DealCell.xib; sourceTree = "<group>"; };
		04F4CBD11578B6C400A49037 /* DescriptionCell.xib */ = {isa = PBXFileReference; fileEncoding = 4; lastKnownFileType = file.xib; path = DescriptionCell.xib; sourceTree = "<group>"; };
		04F4CBD31578C3CB00A49037 /* NewsDetailViewController.h */ = {isa = PBXFileReference; fileEncoding = 4; lastKnownFileType = sourcecode.c.h; name = NewsDetailViewController.h; path = ../NewsDetailViewController.h; sourceTree = "<group>"; };
		04F4CBD41578C3CB00A49037 /* NewsDetailViewController.m */ = {isa = PBXFileReference; fileEncoding = 4; lastKnownFileType = sourcecode.c.objc; name = NewsDetailViewController.m; path = ../NewsDetailViewController.m; sourceTree = "<group>"; };
		04F4CBD61578C58000A49037 /* NewsDescription.xib */ = {isa = PBXFileReference; fileEncoding = 4; lastKnownFileType = file.xib; name = NewsDescription.xib; path = ../NewsDescription.xib; sourceTree = "<group>"; };
		04F4CBD81578C73300A49037 /* NewsTopCell.xib */ = {isa = PBXFileReference; fileEncoding = 4; lastKnownFileType = file.xib; name = NewsTopCell.xib; path = ../NewsTopCell.xib; sourceTree = "<group>"; };
		04F4CBDE157915BD00A49037 /* EventFourNextViewController.h */ = {isa = PBXFileReference; fileEncoding = 4; lastKnownFileType = sourcecode.c.h; path = EventFourNextViewController.h; sourceTree = "<group>"; };
		04F4CBDF157915C000A49037 /* EventFourNextViewController.m */ = {isa = PBXFileReference; fileEncoding = 4; lastKnownFileType = sourcecode.c.objc; path = EventFourNextViewController.m; sourceTree = "<group>"; };
		04F4CBE0157915C200A49037 /* EventFourNextViewController.xib */ = {isa = PBXFileReference; fileEncoding = 4; lastKnownFileType = file.xib; path = EventFourNextViewController.xib; sourceTree = "<group>"; };
		255C809B15740E0100E6ECC3 /* en */ = {isa = PBXFileReference; lastKnownFileType = text.plist.strings; name = en; path = "Grand Cercle/en.lproj/Localizable.strings"; sourceTree = "<group>"; };
		255C809F15740EE900E6ECC3 /* en */ = {isa = PBXFileReference; lastKnownFileType = file.xib; name = en; path = en.lproj/DealsViewController.xib; sourceTree = "<group>"; };
		255C80A115740EE900E6ECC3 /* en */ = {isa = PBXFileReference; lastKnownFileType = file.xib; name = en; path = en.lproj/InfosViewController.xib; sourceTree = "<group>"; };
		255C80A315740EE900E6ECC3 /* en */ = {isa = PBXFileReference; lastKnownFileType = file.xib; name = en; path = en.lproj/SettingsViewController.xib; sourceTree = "<group>"; };
		255C80AA157411AD00E6ECC3 /* NewsCell.xib */ = {isa = PBXFileReference; fileEncoding = 4; lastKnownFileType = file.xib; path = NewsCell.xib; sourceTree = "<group>"; };
		255C813C157428A000E6ECC3 /* TBXML.m */ = {isa = PBXFileReference; fileEncoding = 4; lastKnownFileType = sourcecode.c.objc; path = TBXML.m; sourceTree = "<group>"; };
		255C813D157428A000E6ECC3 /* NewsParser.m */ = {isa = PBXFileReference; fileEncoding = 4; lastKnownFileType = sourcecode.c.objc; path = NewsParser.m; sourceTree = "<group>"; };
		255C813E157428A000E6ECC3 /* News.h */ = {isa = PBXFileReference; fileEncoding = 4; lastKnownFileType = sourcecode.c.h; path = News.h; sourceTree = "<group>"; };
		255C813F157428A000E6ECC3 /* News.m */ = {isa = PBXFileReference; fileEncoding = 4; lastKnownFileType = sourcecode.c.objc; path = News.m; sourceTree = "<group>"; };
		255C8140157428A000E6ECC3 /* NewsParser.h */ = {isa = PBXFileReference; fileEncoding = 4; lastKnownFileType = sourcecode.c.h; path = NewsParser.h; sourceTree = "<group>"; };
		255C8141157428A000E6ECC3 /* TBXML+HTTP.m */ = {isa = PBXFileReference; fileEncoding = 4; lastKnownFileType = sourcecode.c.objc; path = "TBXML+HTTP.m"; sourceTree = "<group>"; };
		255C8142157428A000E6ECC3 /* TBXML.h */ = {isa = PBXFileReference; fileEncoding = 4; lastKnownFileType = sourcecode.c.h; path = TBXML.h; sourceTree = "<group>"; };
		255C8143157428A000E6ECC3 /* TBXML+HTTP.h */ = {isa = PBXFileReference; fileEncoding = 4; lastKnownFileType = sourcecode.c.h; path = "TBXML+HTTP.h"; sourceTree = "<group>"; };
		2562173F1576A2AC00667661 /* en */ = {isa = PBXFileReference; lastKnownFileType = file.xib; name = en; path = en.lproj/EventCell.xib; sourceTree = "<group>"; };
		2595EA991573FA9000CA27B3 /* Grand Cercle.app */ = {isa = PBXFileReference; explicitFileType = wrapper.application; includeInIndex = 0; path = "Grand Cercle.app"; sourceTree = BUILT_PRODUCTS_DIR; };
		2595EA9D1573FA9000CA27B3 /* UIKit.framework */ = {isa = PBXFileReference; lastKnownFileType = wrapper.framework; name = UIKit.framework; path = System/Library/Frameworks/UIKit.framework; sourceTree = SDKROOT; };
		2595EA9F1573FA9000CA27B3 /* Foundation.framework */ = {isa = PBXFileReference; lastKnownFileType = wrapper.framework; name = Foundation.framework; path = System/Library/Frameworks/Foundation.framework; sourceTree = SDKROOT; };
		2595EAA11573FA9000CA27B3 /* CoreGraphics.framework */ = {isa = PBXFileReference; lastKnownFileType = wrapper.framework; name = CoreGraphics.framework; path = System/Library/Frameworks/CoreGraphics.framework; sourceTree = SDKROOT; };
		2595EAA51573FA9000CA27B3 /* Grand Cercle-Info.plist */ = {isa = PBXFileReference; lastKnownFileType = text.plist.xml; path = "Grand Cercle-Info.plist"; sourceTree = "<group>"; };
		2595EAA71573FA9000CA27B3 /* en */ = {isa = PBXFileReference; lastKnownFileType = text.plist.strings; name = en; path = en.lproj/InfoPlist.strings; sourceTree = "<group>"; };
		2595EAA91573FA9000CA27B3 /* main.m */ = {isa = PBXFileReference; lastKnownFileType = sourcecode.c.objc; path = main.m; sourceTree = "<group>"; };
		2595EAAB1573FA9000CA27B3 /* Grand Cercle-Prefix.pch */ = {isa = PBXFileReference; lastKnownFileType = sourcecode.c.h; path = "Grand Cercle-Prefix.pch"; sourceTree = "<group>"; };
		2595EAAC1573FA9000CA27B3 /* AppDelegate.h */ = {isa = PBXFileReference; lastKnownFileType = sourcecode.c.h; path = AppDelegate.h; sourceTree = "<group>"; };
		2595EAAD1573FA9000CA27B3 /* AppDelegate.m */ = {isa = PBXFileReference; lastKnownFileType = sourcecode.c.objc; path = AppDelegate.m; sourceTree = "<group>"; };
		2595EAAF1573FA9000CA27B3 /* EventsViewController.h */ = {isa = PBXFileReference; lastKnownFileType = sourcecode.c.h; path = EventsViewController.h; sourceTree = "<group>"; };
		2595EAB01573FA9000CA27B3 /* EventsViewController.m */ = {isa = PBXFileReference; lastKnownFileType = sourcecode.c.objc; path = EventsViewController.m; sourceTree = "<group>"; };
		2595EAB61573FA9000CA27B3 /* NewsViewController.h */ = {isa = PBXFileReference; lastKnownFileType = sourcecode.c.h; path = NewsViewController.h; sourceTree = "<group>"; };
		2595EAB71573FA9000CA27B3 /* NewsViewController.m */ = {isa = PBXFileReference; lastKnownFileType = sourcecode.c.objc; path = NewsViewController.m; sourceTree = "<group>"; };
		2595EABE1573FA9000CA27B3 /* en */ = {isa = PBXFileReference; lastKnownFileType = file.xib; name = en; path = en.lproj/EventsViewController.xib; sourceTree = "<group>"; };
		2595EAC11573FA9000CA27B3 /* en */ = {isa = PBXFileReference; lastKnownFileType = file.xib; name = en; path = en.lproj/NewsViewController.xib; sourceTree = "<group>"; };
		2595EAC81573FA9000CA27B3 /* Grand CercleTests.octest */ = {isa = PBXFileReference; explicitFileType = wrapper.cfbundle; includeInIndex = 0; path = "Grand CercleTests.octest"; sourceTree = BUILT_PRODUCTS_DIR; };
		2595EAC91573FA9000CA27B3 /* SenTestingKit.framework */ = {isa = PBXFileReference; lastKnownFileType = wrapper.framework; name = SenTestingKit.framework; path = Library/Frameworks/SenTestingKit.framework; sourceTree = DEVELOPER_DIR; };
		2595EAD11573FA9000CA27B3 /* Grand CercleTests-Info.plist */ = {isa = PBXFileReference; lastKnownFileType = text.plist.xml; path = "Grand CercleTests-Info.plist"; sourceTree = "<group>"; };
		2595EAD31573FA9000CA27B3 /* en */ = {isa = PBXFileReference; lastKnownFileType = text.plist.strings; name = en; path = en.lproj/InfoPlist.strings; sourceTree = "<group>"; };
		2595EAD51573FA9000CA27B3 /* Grand_CercleTests.h */ = {isa = PBXFileReference; lastKnownFileType = sourcecode.c.h; path = Grand_CercleTests.h; sourceTree = "<group>"; };
		2595EAD61573FA9000CA27B3 /* Grand_CercleTests.m */ = {isa = PBXFileReference; lastKnownFileType = sourcecode.c.objc; path = Grand_CercleTests.m; sourceTree = "<group>"; };
		2595EAE21574055200CA27B3 /* settings.png */ = {isa = PBXFileReference; lastKnownFileType = image.png; path = settings.png; sourceTree = "<group>"; };
		2595EAE31574055200CA27B3 /* settings@2x.png */ = {isa = PBXFileReference; lastKnownFileType = image.png; path = "settings@2x.png"; sourceTree = "<group>"; };
		2595EAE41574055200CA27B3 /* news.png */ = {isa = PBXFileReference; lastKnownFileType = image.png; path = news.png; sourceTree = "<group>"; };
		2595EAE51574055200CA27B3 /* infos.png */ = {isa = PBXFileReference; lastKnownFileType = image.png; path = infos.png; sourceTree = "<group>"; };
		2595EAE61574055200CA27B3 /* infos@2x.png */ = {isa = PBXFileReference; lastKnownFileType = image.png; path = "infos@2x.png"; sourceTree = "<group>"; };
		2595EAE71574055200CA27B3 /* events.png */ = {isa = PBXFileReference; lastKnownFileType = image.png; path = events.png; sourceTree = "<group>"; };
		2595EAE81574055200CA27B3 /* deals.png */ = {isa = PBXFileReference; lastKnownFileType = image.png; path = deals.png; sourceTree = "<group>"; };
		2595EAE91574055200CA27B3 /* deals@2x.png */ = {isa = PBXFileReference; lastKnownFileType = image.png; path = "deals@2x.png"; sourceTree = "<group>"; };
		2595EAF2157405EA00CA27B3 /* DealsViewController.h */ = {isa = PBXFileReference; fileEncoding = 4; lastKnownFileType = sourcecode.c.h; path = DealsViewController.h; sourceTree = "<group>"; };
		2595EAF3157405EB00CA27B3 /* DealsViewController.m */ = {isa = PBXFileReference; fileEncoding = 4; lastKnownFileType = sourcecode.c.objc; path = DealsViewController.m; sourceTree = "<group>"; };
		2595EAF4157405EB00CA27B3 /* InfosViewController.h */ = {isa = PBXFileReference; fileEncoding = 4; lastKnownFileType = sourcecode.c.h; path = InfosViewController.h; sourceTree = "<group>"; };
		2595EAF5157405EB00CA27B3 /* InfosViewController.m */ = {isa = PBXFileReference; fileEncoding = 4; lastKnownFileType = sourcecode.c.objc; path = InfosViewController.m; sourceTree = "<group>"; };
		2595EAF6157405EB00CA27B3 /* SettingsViewController.h */ = {isa = PBXFileReference; fileEncoding = 4; lastKnownFileType = sourcecode.c.h; path = SettingsViewController.h; sourceTree = "<group>"; };
		2595EAF7157405EB00CA27B3 /* SettingsViewController.m */ = {isa = PBXFileReference; fileEncoding = 4; lastKnownFileType = sourcecode.c.objc; path = SettingsViewController.m; sourceTree = "<group>"; };
		25D7C0FC15760BDB00C2B988 /* EventsTableViewController.h */ = {isa = PBXFileReference; fileEncoding = 4; lastKnownFileType = sourcecode.c.h; path = EventsTableViewController.h; sourceTree = "<group>"; };
		25D7C0FD15760BDB00C2B988 /* EventsTableViewController.m */ = {isa = PBXFileReference; fileEncoding = 4; lastKnownFileType = sourcecode.c.objc; path = EventsTableViewController.m; sourceTree = "<group>"; };
		25E0E25415751735009B8921 /* TapkuLibrary.xcodeproj */ = {isa = PBXFileReference; lastKnownFileType = "wrapper.pb-project"; name = TapkuLibrary.xcodeproj; path = ../tapkulibrary/src/TapkuLibrary.xcodeproj; sourceTree = "<group>"; };
		25E0E29115751D5F009B8921 /* TapkuLibrary.bundle */ = {isa = PBXFileReference; lastKnownFileType = "wrapper.plug-in"; name = TapkuLibrary.bundle; path = ../tapkulibrary/src/TapkuLibrary.bundle; sourceTree = "<group>"; };
		25E0E29615751DBC009B8921 /* QuartzCore.framework */ = {isa = PBXFileReference; lastKnownFileType = wrapper.framework; name = QuartzCore.framework; path = System/Library/Frameworks/QuartzCore.framework; sourceTree = SDKROOT; };
		25E0E29815751DC2009B8921 /* MapKit.framework */ = {isa = PBXFileReference; lastKnownFileType = wrapper.framework; name = MapKit.framework; path = System/Library/Frameworks/MapKit.framework; sourceTree = SDKROOT; };
		25ECD55E15775F2A006E4652 /* EventsCalendarViewController.h */ = {isa = PBXFileReference; fileEncoding = 4; lastKnownFileType = sourcecode.c.h; name = EventsCalendarViewController.h; path = ../EventsCalendarViewController.h; sourceTree = "<group>"; };
		25ECD55F15775F2A006E4652 /* EventsCalendarViewController.m */ = {isa = PBXFileReference; fileEncoding = 4; lastKnownFileType = sourcecode.c.objc; name = EventsCalendarViewController.m; path = ../EventsCalendarViewController.m; sourceTree = "<group>"; };
		25ECD56115777F81006E4652 /* EventSmallCell.xib */ = {isa = PBXFileReference; fileEncoding = 4; lastKnownFileType = file.xib; path = EventSmallCell.xib; sourceTree = "<group>"; };
/* End PBXFileReference section */

/* Begin PBXFrameworksBuildPhase section */
		2595EA961573FA9000CA27B3 /* Frameworks */ = {
			isa = PBXFrameworksBuildPhase;
			buildActionMask = 2147483647;
			files = (
				25E0E29915751DC2009B8921 /* MapKit.framework in Frameworks */,
				25E0E29715751DBC009B8921 /* QuartzCore.framework in Frameworks */,
				25E0E29515751DB0009B8921 /* libTapkuLibrary.a in Frameworks */,
				2595EA9E1573FA9000CA27B3 /* UIKit.framework in Frameworks */,
				2595EAA01573FA9000CA27B3 /* Foundation.framework in Frameworks */,
				2595EAA21573FA9000CA27B3 /* CoreGraphics.framework in Frameworks */,
			);
			runOnlyForDeploymentPostprocessing = 0;
		};
		2595EAC41573FA9000CA27B3 /* Frameworks */ = {
			isa = PBXFrameworksBuildPhase;
			buildActionMask = 2147483647;
			files = (
				2595EACA1573FA9000CA27B3 /* SenTestingKit.framework in Frameworks */,
				2595EACB1573FA9000CA27B3 /* UIKit.framework in Frameworks */,
				2595EACC1573FA9000CA27B3 /* Foundation.framework in Frameworks */,
			);
			runOnlyForDeploymentPostprocessing = 0;
		};
/* End PBXFrameworksBuildPhase section */

/* Begin PBXGroup section */
		251FA64E157903E3005B7318 /* Events */ = {
			isa = PBXGroup;
			children = (
				2595EAAF1573FA9000CA27B3 /* EventsViewController.h */,
				2595EAB01573FA9000CA27B3 /* EventsViewController.m */,
				25D7C0FC15760BDB00C2B988 /* EventsTableViewController.h */,
				25D7C0FD15760BDB00C2B988 /* EventsTableViewController.m */,
				25ECD55E15775F2A006E4652 /* EventsCalendarViewController.h */,
				25ECD55F15775F2A006E4652 /* EventsCalendarViewController.m */,
				04060ABE1577B50B00852A3D /* EventDetailViewController.h */,
				04060ABF1577B50B00852A3D /* EventDetailViewController.m */,
			);
			name = Events;
			sourceTree = "<group>";
		};
		251FA64F15790865005B7318 /* Events */ = {
			isa = PBXGroup;
			children = (
				2595EABD1573FA9000CA27B3 /* EventsViewController.xib */,
				04060ABC1577AF6700852A3D /* EventsTableViewController.xib */,
				047EB1DA1575383800F2F59B /* EventTopCell.xib */,
				2562173E1576A2AC00667661 /* EventCell.xib */,
				25ECD56115777F81006E4652 /* EventSmallCell.xib */,
			);
			name = Events;
			sourceTree = "<group>";
		};
		255C8148157428A300E6ECC3 /* TBXML */ = {
			isa = PBXGroup;
			children = (
				0435F48B1574EFF3009F23CD /* GTMNSString+HTML.h */,
				0435F48C1574EFF3009F23CD /* GTMNSString+HTML.m */,
				0435F4871574EF29009F23CD /* NSString+HTML.h */,
				0435F4881574EF29009F23CD /* NSString+HTML.m */,
				255C8142157428A000E6ECC3 /* TBXML.h */,
				255C813C157428A000E6ECC3 /* TBXML.m */,
				255C8143157428A000E6ECC3 /* TBXML+HTTP.h */,
				255C8141157428A000E6ECC3 /* TBXML+HTTP.m */,
			);
			name = TBXML;
			sourceTree = "<group>";
		};
		2595EA8E1573FA9000CA27B3 = {
			isa = PBXGroup;
			children = (
				04F4CBDE157915BD00A49037 /* EventFourNextViewController.h */,
				04F4CBDF157915C000A49037 /* EventFourNextViewController.m */,
				04F4CBE0157915C200A49037 /* EventFourNextViewController.xib */,
				2595EAA31573FA9000CA27B3 /* Grand Cercle */,
				2595EACF1573FA9000CA27B3 /* Grand CercleTests */,
				2595EA9C1573FA9000CA27B3 /* Frameworks */,
				2595EA9A1573FA9000CA27B3 /* Products */,
			);
			sourceTree = "<group>";
		};
		2595EA9A1573FA9000CA27B3 /* Products */ = {
			isa = PBXGroup;
			children = (
				2595EA991573FA9000CA27B3 /* Grand Cercle.app */,
				2595EAC81573FA9000CA27B3 /* Grand CercleTests.octest */,
			);
			name = Products;
			sourceTree = "<group>";
		};
		2595EA9C1573FA9000CA27B3 /* Frameworks */ = {
			isa = PBXGroup;
			children = (
				25E0E29815751DC2009B8921 /* MapKit.framework */,
				25E0E29615751DBC009B8921 /* QuartzCore.framework */,
				25E0E29115751D5F009B8921 /* TapkuLibrary.bundle */,
				25E0E25415751735009B8921 /* TapkuLibrary.xcodeproj */,
				2595EA9D1573FA9000CA27B3 /* UIKit.framework */,
				2595EA9F1573FA9000CA27B3 /* Foundation.framework */,
				2595EAA11573FA9000CA27B3 /* CoreGraphics.framework */,
				2595EAC91573FA9000CA27B3 /* SenTestingKit.framework */,
			);
			name = Frameworks;
			sourceTree = "<group>";
		};
		2595EAA31573FA9000CA27B3 /* Grand Cercle */ = {
			isa = PBXGroup;
			children = (
				25E0E2601575174C009B8921 /* Models */,
				255C8148157428A300E6ECC3 /* TBXML */,
				2595EAE11573FABD00CA27B3 /* UI */,
				2595EAE01573FAAB00CA27B3 /* images */,
				2595EAAC1573FA9000CA27B3 /* AppDelegate.h */,
				2595EAAD1573FA9000CA27B3 /* AppDelegate.m */,
				251FA64E157903E3005B7318 /* Events */,
				2595EAB61573FA9000CA27B3 /* NewsViewController.h */,
				2595EAB71573FA9000CA27B3 /* NewsViewController.m */,
				04F4CBD31578C3CB00A49037 /* NewsDetailViewController.h */,
				04F4CBD41578C3CB00A49037 /* NewsDetailViewController.m */,
				2595EAF2157405EA00CA27B3 /* DealsViewController.h */,
				2595EAF3157405EB00CA27B3 /* DealsViewController.m */,
				2595EAF4157405EB00CA27B3 /* InfosViewController.h */,
				2595EAF5157405EB00CA27B3 /* InfosViewController.m */,
				2595EAF6157405EB00CA27B3 /* SettingsViewController.h */,
				2595EAF7157405EB00CA27B3 /* SettingsViewController.m */,
				2595EAA41573FA9000CA27B3 /* Supporting Files */,
			);
			path = "Grand Cercle";
			sourceTree = "<group>";
		};
		2595EAA41573FA9000CA27B3 /* Supporting Files */ = {
			isa = PBXGroup;
			children = (
				255C809A15740E0100E6ECC3 /* Localizable.strings */,
				2595EAA51573FA9000CA27B3 /* Grand Cercle-Info.plist */,
				2595EAA61573FA9000CA27B3 /* InfoPlist.strings */,
				2595EAA91573FA9000CA27B3 /* main.m */,
				2595EAAB1573FA9000CA27B3 /* Grand Cercle-Prefix.pch */,
			);
			name = "Supporting Files";
			sourceTree = "<group>";
		};
		2595EACF1573FA9000CA27B3 /* Grand CercleTests */ = {
			isa = PBXGroup;
			children = (
				2595EAD51573FA9000CA27B3 /* Grand_CercleTests.h */,
				2595EAD61573FA9000CA27B3 /* Grand_CercleTests.m */,
				2595EAD01573FA9000CA27B3 /* Supporting Files */,
			);
			path = "Grand CercleTests";
			sourceTree = "<group>";
		};
		2595EAD01573FA9000CA27B3 /* Supporting Files */ = {
			isa = PBXGroup;
			children = (
				2595EAD11573FA9000CA27B3 /* Grand CercleTests-Info.plist */,
				2595EAD21573FA9000CA27B3 /* InfoPlist.strings */,
			);
			name = "Supporting Files";
			sourceTree = "<group>";
		};
		2595EAE01573FAAB00CA27B3 /* images */ = {
			isa = PBXGroup;
			children = (
				2595EAE21574055200CA27B3 /* settings.png */,
				2595EAE31574055200CA27B3 /* settings@2x.png */,
				2595EAE41574055200CA27B3 /* news.png */,
				2595EAE51574055200CA27B3 /* infos.png */,
				2595EAE61574055200CA27B3 /* infos@2x.png */,
				2595EAE71574055200CA27B3 /* events.png */,
				2595EAE81574055200CA27B3 /* deals.png */,
				2595EAE91574055200CA27B3 /* deals@2x.png */,
			);
			name = images;
			sourceTree = "<group>";
		};
		2595EAE11573FABD00CA27B3 /* UI */ = {
			isa = PBXGroup;
			children = (
				251FA64F15790865005B7318 /* Events */,
				2595EAC01573FA9000CA27B3 /* NewsViewController.xib */,
				255C80AA157411AD00E6ECC3 /* NewsCell.xib */,
				04F4CBD81578C73300A49037 /* NewsTopCell.xib */,
				04F4CBD11578B6C400A49037 /* DescriptionCell.xib */,
				255C809E15740EE900E6ECC3 /* DealsViewController.xib */,
				255C80A015740EE900E6ECC3 /* InfosViewController.xib */,
				255C80A215740EE900E6ECC3 /* SettingsViewController.xib */,
				047EB1F515761A7300F2F59B /* DealCell.xib */,
				04F4CBD61578C58000A49037 /* NewsDescription.xib */,
			);
			name = UI;
			sourceTree = "<group>";
		};
		25E0E25515751735009B8921 /* Products */ = {
			isa = PBXGroup;
			children = (
				25E0E25D15751736009B8921 /* libTapkuLibrary.a */,
				25E0E25F15751736009B8921 /* LogicTests.octest */,
			);
			name = Products;
			sourceTree = "<group>";
		};
		25E0E2601575174C009B8921 /* Models */ = {
			isa = PBXGroup;
			children = (
				0435F4911574F4B3009F23CD /* Evenements.h */,
				0435F4921574F4B3009F23CD /* Evenements.m */,
				255C813E157428A000E6ECC3 /* News.h */,
				255C813F157428A000E6ECC3 /* News.m */,
				0435F48E1574F2E7009F23CD /* Items.h */,
				0435F48F1574F2E7009F23CD /* Items.m */,
				047EB1EF1576099400F2F59B /* BonsPlans.h */,
				047EB1F01576099400F2F59B /* BonsPlans.m */,
				047EB1F2157609D200F2F59B /* BonsPlansParser.h */,
				047EB1F3157609D200F2F59B /* BonsPlansParser.m */,
				255C8140157428A000E6ECC3 /* NewsParser.h */,
				255C813D157428A000E6ECC3 /* NewsParser.m */,
				0435F4931574F4B3009F23CD /* EvenementsParser.h */,
				0435F4941574F4B3009F23CD /* EvenementsParser.m */,
			);
			name = Models;
			sourceTree = "<group>";
		};
/* End PBXGroup section */

/* Begin PBXNativeTarget section */
		2595EA981573FA9000CA27B3 /* Grand Cercle */ = {
			isa = PBXNativeTarget;
			buildConfigurationList = 2595EADA1573FA9000CA27B3 /* Build configuration list for PBXNativeTarget "Grand Cercle" */;
			buildPhases = (
				2595EA951573FA9000CA27B3 /* Sources */,
				2595EA961573FA9000CA27B3 /* Frameworks */,
				2595EA971573FA9000CA27B3 /* Resources */,
			);
			buildRules = (
			);
			dependencies = (
				25E0E29415751DA1009B8921 /* PBXTargetDependency */,
			);
			name = "Grand Cercle";
			productName = "Grand Cercle";
			productReference = 2595EA991573FA9000CA27B3 /* Grand Cercle.app */;
			productType = "com.apple.product-type.application";
		};
		2595EAC71573FA9000CA27B3 /* Grand CercleTests */ = {
			isa = PBXNativeTarget;
			buildConfigurationList = 2595EADD1573FA9000CA27B3 /* Build configuration list for PBXNativeTarget "Grand CercleTests" */;
			buildPhases = (
				2595EAC31573FA9000CA27B3 /* Sources */,
				2595EAC41573FA9000CA27B3 /* Frameworks */,
				2595EAC51573FA9000CA27B3 /* Resources */,
				2595EAC61573FA9000CA27B3 /* ShellScript */,
			);
			buildRules = (
			);
			dependencies = (
				2595EACE1573FA9000CA27B3 /* PBXTargetDependency */,
			);
			name = "Grand CercleTests";
			productName = "Grand CercleTests";
			productReference = 2595EAC81573FA9000CA27B3 /* Grand CercleTests.octest */;
			productType = "com.apple.product-type.bundle";
		};
/* End PBXNativeTarget section */

/* Begin PBXProject section */
		2595EA901573FA9000CA27B3 /* Project object */ = {
			isa = PBXProject;
			attributes = {
				LastUpgradeCheck = 0430;
				ORGANIZATIONNAME = Ensimag;
			};
			buildConfigurationList = 2595EA931573FA9000CA27B3 /* Build configuration list for PBXProject "Grand Cercle" */;
			compatibilityVersion = "Xcode 3.2";
			developmentRegion = English;
			hasScannedForEncodings = 0;
			knownRegions = (
				en,
			);
			mainGroup = 2595EA8E1573FA9000CA27B3;
			productRefGroup = 2595EA9A1573FA9000CA27B3 /* Products */;
			projectDirPath = "";
			projectReferences = (
				{
					ProductGroup = 25E0E25515751735009B8921 /* Products */;
					ProjectRef = 25E0E25415751735009B8921 /* TapkuLibrary.xcodeproj */;
				},
			);
			projectRoot = "";
			targets = (
				2595EA981573FA9000CA27B3 /* Grand Cercle */,
				2595EAC71573FA9000CA27B3 /* Grand CercleTests */,
			);
		};
/* End PBXProject section */

/* Begin PBXReferenceProxy section */
		25E0E25D15751736009B8921 /* libTapkuLibrary.a */ = {
			isa = PBXReferenceProxy;
			fileType = archive.ar;
			path = libTapkuLibrary.a;
			remoteRef = 25E0E25C15751736009B8921 /* PBXContainerItemProxy */;
			sourceTree = BUILT_PRODUCTS_DIR;
		};
		25E0E25F15751736009B8921 /* LogicTests.octest */ = {
			isa = PBXReferenceProxy;
			fileType = wrapper.cfbundle;
			path = LogicTests.octest;
			remoteRef = 25E0E25E15751736009B8921 /* PBXContainerItemProxy */;
			sourceTree = BUILT_PRODUCTS_DIR;
		};
/* End PBXReferenceProxy section */

/* Begin PBXResourcesBuildPhase section */
		2595EA971573FA9000CA27B3 /* Resources */ = {
			isa = PBXResourcesBuildPhase;
			buildActionMask = 2147483647;
			files = (
				2595EAA81573FA9000CA27B3 /* InfoPlist.strings in Resources */,
				2595EABF1573FA9000CA27B3 /* EventsViewController.xib in Resources */,
				2595EAC21573FA9000CA27B3 /* NewsViewController.xib in Resources */,
				2595EAEA1574055200CA27B3 /* settings.png in Resources */,
				2595EAEB1574055200CA27B3 /* settings@2x.png in Resources */,
				2595EAEC1574055200CA27B3 /* news.png in Resources */,
				2595EAED1574055200CA27B3 /* infos.png in Resources */,
				2595EAEE1574055200CA27B3 /* infos@2x.png in Resources */,
				2595EAEF1574055200CA27B3 /* events.png in Resources */,
				2595EAF01574055200CA27B3 /* deals.png in Resources */,
				2595EAF11574055200CA27B3 /* deals@2x.png in Resources */,
				255C809C15740E0100E6ECC3 /* Localizable.strings in Resources */,
				255C80A415740EE900E6ECC3 /* DealsViewController.xib in Resources */,
				255C80A515740EE900E6ECC3 /* InfosViewController.xib in Resources */,
				255C80A615740EE900E6ECC3 /* SettingsViewController.xib in Resources */,
				255C80AB157411AD00E6ECC3 /* NewsCell.xib in Resources */,
				25E0E29215751D5F009B8921 /* TapkuLibrary.bundle in Resources */,
				047EB1DB1575383800F2F59B /* EventTopCell.xib in Resources */,
				047EB1F615761A7300F2F59B /* DealCell.xib in Resources */,
				256217401576A2AC00667661 /* EventCell.xib in Resources */,
				04060ABD1577AF6700852A3D /* EventsTableViewController.xib in Resources */,
				25ECD56215777F81006E4652 /* EventSmallCell.xib in Resources */,
				04F4CBD21578B6C400A49037 /* DescriptionCell.xib in Resources */,
				04F4CBD71578C58000A49037 /* NewsDescription.xib in Resources */,
				04F4CBD91578C73300A49037 /* NewsTopCell.xib in Resources */,
				04F4CBE2157915C200A49037 /* EventFourNextViewController.xib in Resources */,
			);
			runOnlyForDeploymentPostprocessing = 0;
		};
		2595EAC51573FA9000CA27B3 /* Resources */ = {
			isa = PBXResourcesBuildPhase;
			buildActionMask = 2147483647;
			files = (
				2595EAD41573FA9000CA27B3 /* InfoPlist.strings in Resources */,
			);
			runOnlyForDeploymentPostprocessing = 0;
		};
/* End PBXResourcesBuildPhase section */

/* Begin PBXShellScriptBuildPhase section */
		2595EAC61573FA9000CA27B3 /* ShellScript */ = {
			isa = PBXShellScriptBuildPhase;
			buildActionMask = 2147483647;
			files = (
			);
			inputPaths = (
			);
			outputPaths = (
			);
			runOnlyForDeploymentPostprocessing = 0;
			shellPath = /bin/sh;
			shellScript = "# Run the unit tests in this test bundle.\n\"${SYSTEM_DEVELOPER_DIR}/Tools/RunUnitTests\"\n";
		};
/* End PBXShellScriptBuildPhase section */

/* Begin PBXSourcesBuildPhase section */
		2595EA951573FA9000CA27B3 /* Sources */ = {
			isa = PBXSourcesBuildPhase;
			buildActionMask = 2147483647;
			files = (
				2595EAAA1573FA9000CA27B3 /* main.m in Sources */,
				2595EAAE1573FA9000CA27B3 /* AppDelegate.m in Sources */,
				2595EAB11573FA9000CA27B3 /* EventsViewController.m in Sources */,
				2595EAB81573FA9000CA27B3 /* NewsViewController.m in Sources */,
				2595EAF8157405EB00CA27B3 /* DealsViewController.m in Sources */,
				2595EAF9157405EB00CA27B3 /* InfosViewController.m in Sources */,
				2595EAFA157405EB00CA27B3 /* SettingsViewController.m in Sources */,
				255C8144157428A000E6ECC3 /* TBXML.m in Sources */,
				255C8145157428A000E6ECC3 /* NewsParser.m in Sources */,
				255C8146157428A000E6ECC3 /* News.m in Sources */,
				255C8147157428A000E6ECC3 /* TBXML+HTTP.m in Sources */,
				0435F4891574EF29009F23CD /* NSString+HTML.m in Sources */,
				0435F48D1574EFF3009F23CD /* GTMNSString+HTML.m in Sources */,
				0435F4901574F2E7009F23CD /* Items.m in Sources */,
				0435F4951574F4B3009F23CD /* Evenements.m in Sources */,
				0435F4961574F4B3009F23CD /* EvenementsParser.m in Sources */,
				25D7C0FE15760BDB00C2B988 /* EventsTableViewController.m in Sources */,
				047EB1F11576099400F2F59B /* BonsPlans.m in Sources */,
				047EB1F4157609D200F2F59B /* BonsPlansParser.m in Sources */,
				04060AC01577B50B00852A3D /* EventDetailViewController.m in Sources */,
				25ECD56015775F2A006E4652 /* EventsCalendarViewController.m in Sources */,
				04F4CBD51578C3CB00A49037 /* NewsDetailViewController.m in Sources */,
				04F4CBE1157915C200A49037 /* EventFourNextViewController.m in Sources */,
			);
			runOnlyForDeploymentPostprocessing = 0;
		};
		2595EAC31573FA9000CA27B3 /* Sources */ = {
			isa = PBXSourcesBuildPhase;
			buildActionMask = 2147483647;
			files = (
				2595EAD71573FA9000CA27B3 /* Grand_CercleTests.m in Sources */,
			);
			runOnlyForDeploymentPostprocessing = 0;
		};
/* End PBXSourcesBuildPhase section */

/* Begin PBXTargetDependency section */
		2595EACE1573FA9000CA27B3 /* PBXTargetDependency */ = {
			isa = PBXTargetDependency;
			target = 2595EA981573FA9000CA27B3 /* Grand Cercle */;
			targetProxy = 2595EACD1573FA9000CA27B3 /* PBXContainerItemProxy */;
		};
		25E0E29415751DA1009B8921 /* PBXTargetDependency */ = {
			isa = PBXTargetDependency;
			name = TapkuLibrary;
			targetProxy = 25E0E29315751DA1009B8921 /* PBXContainerItemProxy */;
		};
/* End PBXTargetDependency section */

/* Begin PBXVariantGroup section */
		255C809A15740E0100E6ECC3 /* Localizable.strings */ = {
			isa = PBXVariantGroup;
			children = (
				255C809B15740E0100E6ECC3 /* en */,
			);
			name = Localizable.strings;
			path = ..;
			sourceTree = "<group>";
		};
		255C809E15740EE900E6ECC3 /* DealsViewController.xib */ = {
			isa = PBXVariantGroup;
			children = (
				255C809F15740EE900E6ECC3 /* en */,
			);
			name = DealsViewController.xib;
			sourceTree = "<group>";
		};
		255C80A015740EE900E6ECC3 /* InfosViewController.xib */ = {
			isa = PBXVariantGroup;
			children = (
				255C80A115740EE900E6ECC3 /* en */,
			);
			name = InfosViewController.xib;
			sourceTree = "<group>";
		};
		255C80A215740EE900E6ECC3 /* SettingsViewController.xib */ = {
			isa = PBXVariantGroup;
			children = (
				255C80A315740EE900E6ECC3 /* en */,
			);
			name = SettingsViewController.xib;
			sourceTree = "<group>";
		};
		2562173E1576A2AC00667661 /* EventCell.xib */ = {
			isa = PBXVariantGroup;
			children = (
				2562173F1576A2AC00667661 /* en */,
			);
			name = EventCell.xib;
			sourceTree = "<group>";
		};
		2595EAA61573FA9000CA27B3 /* InfoPlist.strings */ = {
			isa = PBXVariantGroup;
			children = (
				2595EAA71573FA9000CA27B3 /* en */,
			);
			name = InfoPlist.strings;
			sourceTree = "<group>";
		};
		2595EABD1573FA9000CA27B3 /* EventsViewController.xib */ = {
			isa = PBXVariantGroup;
			children = (
				2595EABE1573FA9000CA27B3 /* en */,
			);
			name = EventsViewController.xib;
			sourceTree = "<group>";
		};
		2595EAC01573FA9000CA27B3 /* NewsViewController.xib */ = {
			isa = PBXVariantGroup;
			children = (
				2595EAC11573FA9000CA27B3 /* en */,
			);
			name = NewsViewController.xib;
			sourceTree = "<group>";
		};
		2595EAD21573FA9000CA27B3 /* InfoPlist.strings */ = {
			isa = PBXVariantGroup;
			children = (
				2595EAD31573FA9000CA27B3 /* en */,
			);
			name = InfoPlist.strings;
			sourceTree = "<group>";
		};
/* End PBXVariantGroup section */

/* Begin XCBuildConfiguration section */
		2595EAD81573FA9000CA27B3 /* Debug */ = {
			isa = XCBuildConfiguration;
			buildSettings = {
				ALWAYS_SEARCH_USER_PATHS = NO;
				ARCHS = "$(ARCHS_STANDARD_32_BIT)";
				CODE_SIGN_IDENTITY = "iPhone Developer: Luiza Cicone (C9MN9UWWVM)";
				"CODE_SIGN_IDENTITY[sdk=iphoneos*]" = "iPhone Developer";
				COPY_PHASE_STRIP = NO;
				GCC_C_LANGUAGE_STANDARD = gnu99;
				GCC_DYNAMIC_NO_PIC = NO;
				GCC_OPTIMIZATION_LEVEL = 0;
				GCC_PREPROCESSOR_DEFINITIONS = (
					"DEBUG=1",
					"$(inherited)",
				);
				GCC_SYMBOLS_PRIVATE_EXTERN = NO;
				GCC_VERSION = "";
				GCC_WARN_ABOUT_RETURN_TYPE = YES;
				GCC_WARN_UNINITIALIZED_AUTOS = YES;
				GCC_WARN_UNUSED_VARIABLE = YES;
				IPHONEOS_DEPLOYMENT_TARGET = 4.3;
				PROVISIONING_PROFILE = "";
				SDKROOT = iphoneos;
			};
			name = Debug;
		};
		2595EAD91573FA9000CA27B3 /* Release */ = {
			isa = XCBuildConfiguration;
			buildSettings = {
				ALWAYS_SEARCH_USER_PATHS = NO;
				ARCHS = "$(ARCHS_STANDARD_32_BIT)";
				CODE_SIGN_IDENTITY = "iPhone Developer: Luiza Cicone (C9MN9UWWVM)";
				"CODE_SIGN_IDENTITY[sdk=iphoneos*]" = "iPhone Developer";
				COPY_PHASE_STRIP = YES;
				GCC_C_LANGUAGE_STANDARD = gnu99;
				GCC_VERSION = "";
				GCC_WARN_ABOUT_RETURN_TYPE = YES;
				GCC_WARN_UNINITIALIZED_AUTOS = YES;
				GCC_WARN_UNUSED_VARIABLE = YES;
				IPHONEOS_DEPLOYMENT_TARGET = 4.3;
				OTHER_CFLAGS = "-DNS_BLOCK_ASSERTIONS=1";
				PROVISIONING_PROFILE = "";
				SDKROOT = iphoneos;
				VALIDATE_PRODUCT = YES;
			};
			name = Release;
		};
		2595EADB1573FA9000CA27B3 /* Debug */ = {
			isa = XCBuildConfiguration;
			buildSettings = {
				GCC_PRECOMPILE_PREFIX_HEADER = YES;
				GCC_PREFIX_HEADER = "Grand Cercle/Grand Cercle-Prefix.pch";
				HEADER_SEARCH_PATHS = ../tapkulibrary/src/;
				INFOPLIST_FILE = "Grand Cercle/Grand Cercle-Info.plist";
				IPHONEOS_DEPLOYMENT_TARGET = 4.0;
				OTHER_LDFLAGS = (
					"-all_load",
					"-fobjc-arc",
					"-ObjC",
				);
				PRODUCT_NAME = "$(TARGET_NAME)";
				SDKROOT = iphoneos;
				WRAPPER_EXTENSION = app;
			};
			name = Debug;
		};
		2595EADC1573FA9000CA27B3 /* Release */ = {
			isa = XCBuildConfiguration;
			buildSettings = {
				GCC_PRECOMPILE_PREFIX_HEADER = YES;
				GCC_PREFIX_HEADER = "Grand Cercle/Grand Cercle-Prefix.pch";
				HEADER_SEARCH_PATHS = ../tapkulibrary/src/;
				INFOPLIST_FILE = "Grand Cercle/Grand Cercle-Info.plist";
				IPHONEOS_DEPLOYMENT_TARGET = 4.0;
				OTHER_LDFLAGS = (
					"-all_load",
					"-fobjc-arc",
					"-ObjC",
				);
				PRODUCT_NAME = "$(TARGET_NAME)";
				SDKROOT = iphoneos;
				WRAPPER_EXTENSION = app;
			};
			name = Release;
		};
		2595EADE1573FA9000CA27B3 /* Debug */ = {
			isa = XCBuildConfiguration;
			buildSettings = {
				BUNDLE_LOADER = "$(BUILT_PRODUCTS_DIR)/Grand Cercle.app/Grand Cercle";
				FRAMEWORK_SEARCH_PATHS = (
					"$(SDKROOT)/Developer/Library/Frameworks",
					"$(DEVELOPER_LIBRARY_DIR)/Frameworks",
				);
				GCC_PRECOMPILE_PREFIX_HEADER = YES;
				GCC_PREFIX_HEADER = "Grand Cercle/Grand Cercle-Prefix.pch";
				INFOPLIST_FILE = "Grand CercleTests/Grand CercleTests-Info.plist";
				PRODUCT_NAME = "$(TARGET_NAME)";
				TEST_HOST = "$(BUNDLE_LOADER)";
				WRAPPER_EXTENSION = octest;
			};
			name = Debug;
		};
		2595EADF1573FA9000CA27B3 /* Release */ = {
			isa = XCBuildConfiguration;
			buildSettings = {
				BUNDLE_LOADER = "$(BUILT_PRODUCTS_DIR)/Grand Cercle.app/Grand Cercle";
				FRAMEWORK_SEARCH_PATHS = (
					"$(SDKROOT)/Developer/Library/Frameworks",
					"$(DEVELOPER_LIBRARY_DIR)/Frameworks",
				);
				GCC_PRECOMPILE_PREFIX_HEADER = YES;
				GCC_PREFIX_HEADER = "Grand Cercle/Grand Cercle-Prefix.pch";
				INFOPLIST_FILE = "Grand CercleTests/Grand CercleTests-Info.plist";
				PRODUCT_NAME = "$(TARGET_NAME)";
				TEST_HOST = "$(BUNDLE_LOADER)";
				WRAPPER_EXTENSION = octest;
			};
			name = Release;
		};
/* End XCBuildConfiguration section */

/* Begin XCConfigurationList section */
		2595EA931573FA9000CA27B3 /* Build configuration list for PBXProject "Grand Cercle" */ = {
			isa = XCConfigurationList;
			buildConfigurations = (
				2595EAD81573FA9000CA27B3 /* Debug */,
				2595EAD91573FA9000CA27B3 /* Release */,
			);
			defaultConfigurationIsVisible = 0;
			defaultConfigurationName = Release;
		};
		2595EADA1573FA9000CA27B3 /* Build configuration list for PBXNativeTarget "Grand Cercle" */ = {
			isa = XCConfigurationList;
			buildConfigurations = (
				2595EADB1573FA9000CA27B3 /* Debug */,
				2595EADC1573FA9000CA27B3 /* Release */,
			);
			defaultConfigurationIsVisible = 0;
			defaultConfigurationName = Release;
		};
		2595EADD1573FA9000CA27B3 /* Build configuration list for PBXNativeTarget "Grand CercleTests" */ = {
			isa = XCConfigurationList;
			buildConfigurations = (
				2595EADE1573FA9000CA27B3 /* Debug */,
				2595EADF1573FA9000CA27B3 /* Release */,
			);
			defaultConfigurationIsVisible = 0;
			defaultConfigurationName = Release;
		};
/* End XCConfigurationList section */
	};
	rootObject = 2595EA901573FA9000CA27B3 /* Project object */;
}
